// !$*UTF8*$!
{
	archiveVersion = 1;
	classes = {
	};
	objectVersion = 45;
	objects = {

/* Begin PBXBuildFile section */
		1D3623260D0F684500981E51 /* TRAppDelegate.m in Sources */ = {isa = PBXBuildFile; fileRef = 1D3623250D0F684500981E51 /* TRAppDelegate.m */; };
		1D60589B0D05DD56006BFB54 /* main.m in Sources */ = {isa = PBXBuildFile; fileRef = 29B97316FDCFA39411CA2CEA /* main.m */; };
		1D60589F0D05DD5A006BFB54 /* Foundation.framework in Frameworks */ = {isa = PBXBuildFile; fileRef = 1D30AB110D05D00D00671497 /* Foundation.framework */; };
		1DF5F4E00D08C38300B7A737 /* UIKit.framework in Frameworks */ = {isa = PBXBuildFile; fileRef = 1DF5F4DF0D08C38300B7A737 /* UIKit.framework */; };
		2892E4100DC94CBA00A64D0F /* CoreGraphics.framework in Frameworks */ = {isa = PBXBuildFile; fileRef = 2892E40F0DC94CBA00A64D0F /* CoreGraphics.framework */; };
		BE10A36711507AE600ACA4C6 /* QuartzCore.framework in Frameworks */ = {isa = PBXBuildFile; fileRef = BE10A36611507AE600ACA4C6 /* QuartzCore.framework */; };
		BE10A4E711509FCE00ACA4C6 /* TRTweetTableDataSource.m in Sources */ = {isa = PBXBuildFile; fileRef = BE10A4E611509FCE00ACA4C6 /* TRTweetTableDataSource.m */; };
		BE10A50C1150A13B00ACA4C6 /* TRTweetTableItem.m in Sources */ = {isa = PBXBuildFile; fileRef = BE10A50B1150A13B00ACA4C6 /* TRTweetTableItem.m */; };
		BE10A5461150A58E00ACA4C6 /* TRTweetTableItemCell.m in Resources */ = {isa = PBXBuildFile; fileRef = BE10A5451150A58E00ACA4C6 /* TRTweetTableItemCell.m */; };
		BE10A54B1150A75000ACA4C6 /* TRDefaultStylesheet.m in Sources */ = {isa = PBXBuildFile; fileRef = BE10A54A1150A75000ACA4C6 /* TRDefaultStylesheet.m */; };
		BE10AA6A11584C4C00ACA4C6 /* TRTweetTableItemCell.m in Sources */ = {isa = PBXBuildFile; fileRef = BE10A5451150A58E00ACA4C6 /* TRTweetTableItemCell.m */; };
		BE41DF7A11756AE6003ED448 /* libThree20.a in Frameworks */ = {isa = PBXBuildFile; fileRef = BE41DF7711756AE3003ED448 /* libThree20.a */; };
		BE41DF7D11756AEF003ED448 /* Three20.bundle in Resources */ = {isa = PBXBuildFile; fileRef = BE41DF7C11756AEF003ED448 /* Three20.bundle */; };
		BE5C04AE117BB533002C36B0 /* TRTabBarController.m in Sources */ = {isa = PBXBuildFile; fileRef = BE5C04AD117BB533002C36B0 /* TRTabBarController.m */; };
		BE5C0540117BBF2B002C36B0 /* tab.png in Resources */ = {isa = PBXBuildFile; fileRef = BE5C053F117BBF2B002C36B0 /* tab.png */; };
		BE5C0545117BBF70002C36B0 /* magnifying-glass.png in Resources */ = {isa = PBXBuildFile; fileRef = BE5C0543117BBF70002C36B0 /* magnifying-glass.png */; };
		BE5C0546117BBF70002C36B0 /* user.png in Resources */ = {isa = PBXBuildFile; fileRef = BE5C0544117BBF70002C36B0 /* user.png */; };
		BE5C0651117BCCD1002C36B0 /* Acapela For iPhone HQM French Bruno in Resources */ = {isa = PBXBuildFile; fileRef = BE5C0614117BCCD0002C36B0 /* Acapela For iPhone HQM French Bruno */; };
		BE5C0652117BCCD1002C36B0 /* Acapela For iPhone HQM USEnglish Ryan in Resources */ = {isa = PBXBuildFile; fileRef = BE5C0629117BCCD1002C36B0 /* Acapela For iPhone HQM USEnglish Ryan */; };
		BE5C0653117BCCD1002C36B0 /* Acapela For iPhone HQM USSpanish Rosa in Resources */ = {isa = PBXBuildFile; fileRef = BE5C063D117BCCD1002C36B0 /* Acapela For iPhone HQM USSpanish Rosa */; };
		BE6F82A5117A6F9E006AC06B /* Acapela For iPhone HQM British Peter in Resources */ = {isa = PBXBuildFile; fileRef = BE6F8254117A6F94006AC06B /* Acapela For iPhone HQM British Peter */; };
		BE8EFD071134BFF6002A8F24 /* libxml2.dylib in Frameworks */ = {isa = PBXBuildFile; fileRef = BE8EFD061134BFF6002A8F24 /* libxml2.dylib */; };
		BECECE871136624000CB06B1 /* Default.png in Resources */ = {isa = PBXBuildFile; fileRef = BECECE861136624000CB06B1 /* Default.png */; };
		BECECE91113664CA00CB06B1 /* icon.png in Resources */ = {isa = PBXBuildFile; fileRef = BECECE90113664CA00CB06B1 /* icon.png */; };
		BED39C4711757394008E2AE2 /* TRSettingsTableViewController.m in Sources */ = {isa = PBXBuildFile; fileRef = BED39C4611757394008E2AE2 /* TRSettingsTableViewController.m */; };
		BED39C4A117573B1008E2AE2 /* TRSettingsTableDataSource.m in Sources */ = {isa = PBXBuildFile; fileRef = BED39C49117573B1008E2AE2 /* TRSettingsTableDataSource.m */; };
		BEE3DEB4117798E100845A1D /* libBabTTS.a in Frameworks */ = {isa = PBXBuildFile; fileRef = BEE3DEB2117798E000845A1D /* libBabTTS.a */; };
		BEE3DEB5117798E100845A1D /* libMobilityStatic.a in Frameworks */ = {isa = PBXBuildFile; fileRef = BEE3DEB3117798E100845A1D /* libMobilityStatic.a */; };
		BEE3DED01177993D00845A1D /* AudioToolbox.framework in Frameworks */ = {isa = PBXBuildFile; fileRef = BEE3DECF1177993D00845A1D /* AudioToolbox.framework */; };
		BEE3DED71177999D00845A1D /* force_cpp.cpp in Sources */ = {isa = PBXBuildFile; fileRef = BEE3DED51177999D00845A1D /* force_cpp.cpp */; };
		BEEAFAA61176AA3E005B4524 /* gear.png in Resources */ = {isa = PBXBuildFile; fileRef = BEEAFAA51176AA3E005B4524 /* gear.png */; };
		BEF19226115B34E000556BB6 /* cellbg.png in Resources */ = {isa = PBXBuildFile; fileRef = BEF19225115B34E000556BB6 /* cellbg.png */; };
		BEF19287115B3F3200556BB6 /* purplegradient.png in Resources */ = {isa = PBXBuildFile; fileRef = BEF19286115B3F3200556BB6 /* purplegradient.png */; };
		BEF19293115B410700556BB6 /* greygradient.png in Resources */ = {isa = PBXBuildFile; fileRef = BEF19292115B410700556BB6 /* greygradient.png */; };
		BEF1929A115B419900556BB6 /* ltgreygradient.png in Resources */ = {isa = PBXBuildFile; fileRef = BEF19299115B419900556BB6 /* ltgreygradient.png */; };
		BEF192A4115B42B300556BB6 /* ltyellowgradient.png in Resources */ = {isa = PBXBuildFile; fileRef = BEF192A3115B42B300556BB6 /* ltyellowgradient.png */; };
		BEF1938A115E911700556BB6 /* TRTwitterModel.m in Sources */ = {isa = PBXBuildFile; fileRef = BEF19389115E911700556BB6 /* TRTwitterModel.m */; };
		BEF1938D115E919E00556BB6 /* TRTwitterTweet.m in Sources */ = {isa = PBXBuildFile; fileRef = BEF1938C115E919E00556BB6 /* TRTwitterTweet.m */; };
		BEF195081160119F00556BB6 /* RegexKitLite.m in Sources */ = {isa = PBXBuildFile; fileRef = BEF195071160119F00556BB6 /* RegexKitLite.m */; };
		BEF3426E1159CF05004B6F1A /* TRTweetTableViewController.m in Sources */ = {isa = PBXBuildFile; fileRef = BEF3426D1159CF05004B6F1A /* TRTweetTableViewController.m */; };
/* End PBXBuildFile section */

/* Begin PBXContainerItemProxy section */
		BE41DF7611756AE3003ED448 /* PBXContainerItemProxy */ = {
			isa = PBXContainerItemProxy;
			containerPortal = BE41DF7111756AE3003ED448 /* Three20.xcodeproj */;
			proxyType = 2;
			remoteGlobalIDString = BEF31F3A0F352DF5000DE5D2;
			remoteInfo = Three20;
		};
		BE41DF7811756AE3003ED448 /* PBXContainerItemProxy */ = {
			isa = PBXContainerItemProxy;
			containerPortal = BE41DF7111756AE3003ED448 /* Three20.xcodeproj */;
			proxyType = 2;
			remoteGlobalIDString = EB9E6C6210B6A8F800DE563C;
			remoteInfo = UnitTests;
		};
		BED39D7911758500008E2AE2 /* PBXContainerItemProxy */ = {
			isa = PBXContainerItemProxy;
			containerPortal = BE41DF7111756AE3003ED448 /* Three20.xcodeproj */;
			proxyType = 1;
			remoteGlobalIDString = BEF31F390F352DF5000DE5D2;
			remoteInfo = Three20;
		};
/* End PBXContainerItemProxy section */

/* Begin PBXCopyFilesBuildPhase section */
		BE20CDA911379671007BF519 /* CopyFiles */ = {
			isa = PBXCopyFilesBuildPhase;
			buildActionMask = 2147483647;
			dstPath = "";
			dstSubfolderSpec = 7;
			files = (
			);
			runOnlyForDeploymentPostprocessing = 0;
		};
/* End PBXCopyFilesBuildPhase section */

/* Begin PBXFileReference section */
		1D30AB110D05D00D00671497 /* Foundation.framework */ = {isa = PBXFileReference; lastKnownFileType = wrapper.framework; name = Foundation.framework; path = System/Library/Frameworks/Foundation.framework; sourceTree = SDKROOT; };
		1D3623240D0F684500981E51 /* TRAppDelegate.h */ = {isa = PBXFileReference; fileEncoding = 4; lastKnownFileType = sourcecode.c.h; path = TRAppDelegate.h; sourceTree = "<group>"; };
		1D3623250D0F684500981E51 /* TRAppDelegate.m */ = {isa = PBXFileReference; fileEncoding = 4; lastKnownFileType = sourcecode.c.objc; path = TRAppDelegate.m; sourceTree = "<group>"; };
		1D6058910D05DD3D006BFB54 /* tweetrad.io.app */ = {isa = PBXFileReference; explicitFileType = wrapper.application; includeInIndex = 0; path = tweetrad.io.app; sourceTree = BUILT_PRODUCTS_DIR; };
		1DF5F4DF0D08C38300B7A737 /* UIKit.framework */ = {isa = PBXFileReference; lastKnownFileType = wrapper.framework; name = UIKit.framework; path = System/Library/Frameworks/UIKit.framework; sourceTree = SDKROOT; };
		2892E40F0DC94CBA00A64D0F /* CoreGraphics.framework */ = {isa = PBXFileReference; lastKnownFileType = wrapper.framework; name = CoreGraphics.framework; path = System/Library/Frameworks/CoreGraphics.framework; sourceTree = SDKROOT; };
		28A0AAE50D9B0CCF005BE974 /* trm_Prefix.pch */ = {isa = PBXFileReference; fileEncoding = 4; lastKnownFileType = sourcecode.c.h; path = trm_Prefix.pch; sourceTree = "<group>"; };
		28C286DF0D94DF7D0034E888 /* TRTweetTableViewController.h */ = {isa = PBXFileReference; fileEncoding = 4; lastKnownFileType = sourcecode.c.h; path = TRTweetTableViewController.h; sourceTree = "<group>"; };
		29B97316FDCFA39411CA2CEA /* main.m */ = {isa = PBXFileReference; fileEncoding = 4; lastKnownFileType = sourcecode.c.objc; path = main.m; sourceTree = "<group>"; };
		8D1107310486CEB800E47090 /* trm-Info.plist */ = {isa = PBXFileReference; fileEncoding = 4; lastKnownFileType = text.plist.xml; path = "trm-Info.plist"; plistStructureDefinitionIdentifier = "com.apple.xcode.plist.structure-definition.iphone.info-plist"; sourceTree = "<group>"; };
		BE10A1C8114F28C400ACA4C6 /* babdevlopper.lic.h */ = {isa = PBXFileReference; fileEncoding = 4; lastKnownFileType = sourcecode.c.h; path = babdevlopper.lic.h; sourceTree = "<group>"; };
		BE10A1C9114F28C400ACA4C6 /* babdevlopper.lic.password */ = {isa = PBXFileReference; fileEncoding = 4; lastKnownFileType = text; path = babdevlopper.lic.password; sourceTree = "<group>"; };
		BE10A36611507AE600ACA4C6 /* QuartzCore.framework */ = {isa = PBXFileReference; lastKnownFileType = wrapper.framework; name = QuartzCore.framework; path = System/Library/Frameworks/QuartzCore.framework; sourceTree = SDKROOT; };
		BE10A4E511509FCE00ACA4C6 /* TRTweetTableDataSource.h */ = {isa = PBXFileReference; fileEncoding = 4; lastKnownFileType = sourcecode.c.h; path = TRTweetTableDataSource.h; sourceTree = "<group>"; };
		BE10A4E611509FCE00ACA4C6 /* TRTweetTableDataSource.m */ = {isa = PBXFileReference; fileEncoding = 4; lastKnownFileType = sourcecode.c.objc; path = TRTweetTableDataSource.m; sourceTree = "<group>"; };
		BE10A50A1150A13B00ACA4C6 /* TRTweetTableItem.h */ = {isa = PBXFileReference; fileEncoding = 4; lastKnownFileType = sourcecode.c.h; path = TRTweetTableItem.h; sourceTree = "<group>"; };
		BE10A50B1150A13B00ACA4C6 /* TRTweetTableItem.m */ = {isa = PBXFileReference; fileEncoding = 4; lastKnownFileType = sourcecode.c.objc; path = TRTweetTableItem.m; sourceTree = "<group>"; };
		BE10A5441150A58E00ACA4C6 /* TRTweetTableItemCell.h */ = {isa = PBXFileReference; fileEncoding = 4; lastKnownFileType = sourcecode.c.h; path = TRTweetTableItemCell.h; sourceTree = "<group>"; };
		BE10A5451150A58E00ACA4C6 /* TRTweetTableItemCell.m */ = {isa = PBXFileReference; fileEncoding = 4; lastKnownFileType = sourcecode.c.objc; path = TRTweetTableItemCell.m; sourceTree = "<group>"; };
		BE10A5491150A75000ACA4C6 /* TRDefaultStylesheet.h */ = {isa = PBXFileReference; fileEncoding = 4; lastKnownFileType = sourcecode.c.h; path = TRDefaultStylesheet.h; sourceTree = "<group>"; };
		BE10A54A1150A75000ACA4C6 /* TRDefaultStylesheet.m */ = {isa = PBXFileReference; fileEncoding = 4; lastKnownFileType = sourcecode.c.objc; path = TRDefaultStylesheet.m; sourceTree = "<group>"; };
		BE20CD7D113794D4007BF519 /* AcapelaSpeech.h */ = {isa = PBXFileReference; fileEncoding = 4; lastKnownFileType = sourcecode.c.h; path = AcapelaSpeech.h; sourceTree = "<group>"; };
		BE20CF621137AC4C007BF519 /* AcapelaLicense.h */ = {isa = PBXFileReference; fileEncoding = 4; lastKnownFileType = sourcecode.c.h; path = AcapelaLicense.h; sourceTree = "<group>"; };
		BE41DF7111756AE3003ED448 /* Three20.xcodeproj */ = {isa = PBXFileReference; lastKnownFileType = "wrapper.pb-project"; name = Three20.xcodeproj; path = ../three20/src/Three20.xcodeproj; sourceTree = SOURCE_ROOT; };
		BE41DF7C11756AEF003ED448 /* Three20.bundle */ = {isa = PBXFileReference; lastKnownFileType = "wrapper.plug-in"; name = Three20.bundle; path = ../three20/src/Three20.bundle; sourceTree = SOURCE_ROOT; };
		BE41E07C11756C1F003ED448 /* libstdc++.dylib */ = {isa = PBXFileReference; lastKnownFileType = "compiled.mach-o.dylib"; name = "libstdc++.dylib"; path = "usr/lib/gcc/i686-apple-darwin9/4.0.1/libstdc++.dylib"; sourceTree = SDKROOT; };
		BE5C04AC117BB533002C36B0 /* TRTabBarController.h */ = {isa = PBXFileReference; fileEncoding = 4; lastKnownFileType = sourcecode.c.h; path = TRTabBarController.h; sourceTree = "<group>"; };
		BE5C04AD117BB533002C36B0 /* TRTabBarController.m */ = {isa = PBXFileReference; fileEncoding = 4; lastKnownFileType = sourcecode.c.objc; path = TRTabBarController.m; sourceTree = "<group>"; };
		BE5C053F117BBF2B002C36B0 /* tab.png */ = {isa = PBXFileReference; lastKnownFileType = image.png; path = tab.png; sourceTree = "<group>"; };
		BE5C0543117BBF70002C36B0 /* magnifying-glass.png */ = {isa = PBXFileReference; lastKnownFileType = image.png; path = "magnifying-glass.png"; sourceTree = "<group>"; };
		BE5C0544117BBF70002C36B0 /* user.png */ = {isa = PBXFileReference; lastKnownFileType = image.png; path = user.png; sourceTree = "<group>"; };
		BE5C0614117BCCD0002C36B0 /* Acapela For iPhone HQM French Bruno */ = {isa = PBXFileReference; lastKnownFileType = folder; name = "Acapela For iPhone HQM French Bruno"; path = "../acapela/Acapela for iPhone Voices/Acapela For iPhone HQM French Bruno"; sourceTree = SOURCE_ROOT; };
		BE5C0629117BCCD1002C36B0 /* Acapela For iPhone HQM USEnglish Ryan */ = {isa = PBXFileReference; lastKnownFileType = folder; name = "Acapela For iPhone HQM USEnglish Ryan"; path = "../acapela/Acapela for iPhone Voices/Acapela For iPhone HQM USEnglish Ryan"; sourceTree = SOURCE_ROOT; };
		BE5C063D117BCCD1002C36B0 /* Acapela For iPhone HQM USSpanish Rosa */ = {isa = PBXFileReference; lastKnownFileType = folder; name = "Acapela For iPhone HQM USSpanish Rosa"; path = "../acapela/Acapela for iPhone Voices/Acapela For iPhone HQM USSpanish Rosa"; sourceTree = SOURCE_ROOT; };
		BE6F8254117A6F94006AC06B /* Acapela For iPhone HQM British Peter */ = {isa = PBXFileReference; lastKnownFileType = folder; path = "Acapela For iPhone HQM British Peter"; sourceTree = "<group>"; };
		BE7BB5711159B5DA00508431 /* trmRelease-Info.plist */ = {isa = PBXFileReference; lastKnownFileType = text.plist.xml; path = "trmRelease-Info.plist"; sourceTree = "<group>"; };
		BE8EFD061134BFF6002A8F24 /* libxml2.dylib */ = {isa = PBXFileReference; lastKnownFileType = "compiled.mach-o.dylib"; name = libxml2.dylib; path = usr/lib/libxml2.dylib; sourceTree = SDKROOT; };
		BECECE861136624000CB06B1 /* Default.png */ = {isa = PBXFileReference; lastKnownFileType = image.png; path = Default.png; sourceTree = "<group>"; };
		BECECE90113664CA00CB06B1 /* icon.png */ = {isa = PBXFileReference; lastKnownFileType = image.png; path = icon.png; sourceTree = "<group>"; };
		BED39C4511757394008E2AE2 /* TRSettingsTableViewController.h */ = {isa = PBXFileReference; fileEncoding = 4; lastKnownFileType = sourcecode.c.h; path = TRSettingsTableViewController.h; sourceTree = "<group>"; };
		BED39C4611757394008E2AE2 /* TRSettingsTableViewController.m */ = {isa = PBXFileReference; fileEncoding = 4; lastKnownFileType = sourcecode.c.objc; path = TRSettingsTableViewController.m; sourceTree = "<group>"; };
		BED39C48117573B1008E2AE2 /* TRSettingsTableDataSource.h */ = {isa = PBXFileReference; fileEncoding = 4; lastKnownFileType = sourcecode.c.h; path = TRSettingsTableDataSource.h; sourceTree = "<group>"; };
		BED39C49117573B1008E2AE2 /* TRSettingsTableDataSource.m */ = {isa = PBXFileReference; fileEncoding = 4; lastKnownFileType = sourcecode.c.objc; path = TRSettingsTableDataSource.m; sourceTree = "<group>"; };
		BEE3DEB2117798E000845A1D /* libBabTTS.a */ = {isa = PBXFileReference; lastKnownFileType = archive.ar; path = libBabTTS.a; sourceTree = "<group>"; };
		BEE3DEB3117798E100845A1D /* libMobilityStatic.a */ = {isa = PBXFileReference; lastKnownFileType = archive.ar; path = libMobilityStatic.a; sourceTree = "<group>"; };
		BEE3DECF1177993D00845A1D /* AudioToolbox.framework */ = {isa = PBXFileReference; lastKnownFileType = wrapper.framework; name = AudioToolbox.framework; path = System/Library/Frameworks/AudioToolbox.framework; sourceTree = SDKROOT; };
		BEE3DED51177999D00845A1D /* force_cpp.cpp */ = {isa = PBXFileReference; fileEncoding = 4; lastKnownFileType = sourcecode.cpp.cpp; path = force_cpp.cpp; sourceTree = "<group>"; };
		BEE3DED61177999D00845A1D /* force_cpp.h */ = {isa = PBXFileReference; fileEncoding = 4; lastKnownFileType = sourcecode.c.h; path = force_cpp.h; sourceTree = "<group>"; };
		BEEAFAA51176AA3E005B4524 /* gear.png */ = {isa = PBXFileReference; lastKnownFileType = image.png; path = gear.png; sourceTree = "<group>"; };
		BEF19225115B34E000556BB6 /* cellbg.png */ = {isa = PBXFileReference; lastKnownFileType = image.png; path = cellbg.png; sourceTree = "<group>"; };
		BEF19286115B3F3200556BB6 /* purplegradient.png */ = {isa = PBXFileReference; lastKnownFileType = image.png; path = purplegradient.png; sourceTree = "<group>"; };
		BEF19292115B410700556BB6 /* greygradient.png */ = {isa = PBXFileReference; lastKnownFileType = image.png; path = greygradient.png; sourceTree = "<group>"; };
		BEF19299115B419900556BB6 /* ltgreygradient.png */ = {isa = PBXFileReference; lastKnownFileType = image.png; path = ltgreygradient.png; sourceTree = "<group>"; };
		BEF192A3115B42B300556BB6 /* ltyellowgradient.png */ = {isa = PBXFileReference; lastKnownFileType = image.png; path = ltyellowgradient.png; sourceTree = "<group>"; };
		BEF19388115E911700556BB6 /* TRTwitterModel.h */ = {isa = PBXFileReference; fileEncoding = 4; lastKnownFileType = sourcecode.c.h; path = TRTwitterModel.h; sourceTree = "<group>"; };
		BEF19389115E911700556BB6 /* TRTwitterModel.m */ = {isa = PBXFileReference; fileEncoding = 4; lastKnownFileType = sourcecode.c.objc; path = TRTwitterModel.m; sourceTree = "<group>"; };
		BEF1938B115E919E00556BB6 /* TRTwitterTweet.h */ = {isa = PBXFileReference; fileEncoding = 4; lastKnownFileType = sourcecode.c.h; path = TRTwitterTweet.h; sourceTree = "<group>"; };
		BEF1938C115E919E00556BB6 /* TRTwitterTweet.m */ = {isa = PBXFileReference; fileEncoding = 4; lastKnownFileType = sourcecode.c.objc; path = TRTwitterTweet.m; sourceTree = "<group>"; };
		BEF195061160119E00556BB6 /* RegexKitLite.h */ = {isa = PBXFileReference; fileEncoding = 4; lastKnownFileType = sourcecode.c.h; path = RegexKitLite.h; sourceTree = "<group>"; };
		BEF195071160119F00556BB6 /* RegexKitLite.m */ = {isa = PBXFileReference; fileEncoding = 4; lastKnownFileType = sourcecode.c.objc; path = RegexKitLite.m; sourceTree = "<group>"; };
		BEF3426D1159CF05004B6F1A /* TRTweetTableViewController.m */ = {isa = PBXFileReference; fileEncoding = 4; lastKnownFileType = sourcecode.c.objc; path = TRTweetTableViewController.m; sourceTree = "<group>"; };
/* End PBXFileReference section */

/* Begin PBXFrameworksBuildPhase section */
		1D60588F0D05DD3D006BFB54 /* Frameworks */ = {
			isa = PBXFrameworksBuildPhase;
			buildActionMask = 2147483647;
			files = (
				1D60589F0D05DD5A006BFB54 /* Foundation.framework in Frameworks */,
				1DF5F4E00D08C38300B7A737 /* UIKit.framework in Frameworks */,
				2892E4100DC94CBA00A64D0F /* CoreGraphics.framework in Frameworks */,
				BE8EFD071134BFF6002A8F24 /* libxml2.dylib in Frameworks */,
				BE10A36711507AE600ACA4C6 /* QuartzCore.framework in Frameworks */,
				BE41DF7A11756AE6003ED448 /* libThree20.a in Frameworks */,
				BEE3DEB4117798E100845A1D /* libBabTTS.a in Frameworks */,
				BEE3DEB5117798E100845A1D /* libMobilityStatic.a in Frameworks */,
				BEE3DED01177993D00845A1D /* AudioToolbox.framework in Frameworks */,
			);
			runOnlyForDeploymentPostprocessing = 0;
		};
/* End PBXFrameworksBuildPhase section */

/* Begin PBXGroup section */
		080E96DDFE201D6D7F000001 /* Classes */ = {
			isa = PBXGroup;
			children = (
				BE8EFC1C11339C59002A8F24 /* vendor */,
				BE8EFBFC11339928002A8F24 /* application */,
			);
			path = Classes;
			sourceTree = "<group>";
		};
		19C28FACFE9D520D11CA2CBB /* Products */ = {
			isa = PBXGroup;
			children = (
				1D6058910D05DD3D006BFB54 /* tweetrad.io.app */,
			);
			name = Products;
			sourceTree = "<group>";
		};
		29B97314FDCFA39411CA2CEA /* CustomTemplate */ = {
			isa = PBXGroup;
			children = (
				BE41DF7C11756AEF003ED448 /* Three20.bundle */,
				BE41DF7111756AE3003ED448 /* Three20.xcodeproj */,
				080E96DDFE201D6D7F000001 /* Classes */,
				29B97315FDCFA39411CA2CEA /* Other Sources */,
				29B97317FDCFA39411CA2CEA /* Resources */,
				29B97323FDCFA39411CA2CEA /* Frameworks */,
				19C28FACFE9D520D11CA2CBB /* Products */,
				BE7BB5711159B5DA00508431 /* trmRelease-Info.plist */,
			);
			name = CustomTemplate;
			sourceTree = "<group>";
		};
		29B97315FDCFA39411CA2CEA /* Other Sources */ = {
			isa = PBXGroup;
			children = (
				28A0AAE50D9B0CCF005BE974 /* trm_Prefix.pch */,
				29B97316FDCFA39411CA2CEA /* main.m */,
			);
			name = "Other Sources";
			sourceTree = "<group>";
		};
		29B97317FDCFA39411CA2CEA /* Resources */ = {
			isa = PBXGroup;
			children = (
				BE5C0614117BCCD0002C36B0 /* Acapela For iPhone HQM French Bruno */,
				BE5C0629117BCCD1002C36B0 /* Acapela For iPhone HQM USEnglish Ryan */,
				BE5C063D117BCCD1002C36B0 /* Acapela For iPhone HQM USSpanish Rosa */,
				BE5C0543117BBF70002C36B0 /* magnifying-glass.png */,
				BE5C0544117BBF70002C36B0 /* user.png */,
				BE5C053F117BBF2B002C36B0 /* tab.png */,
				BE6F8254117A6F94006AC06B /* Acapela For iPhone HQM British Peter */,
				BEEAFAA51176AA3E005B4524 /* gear.png */,
				BEF192A3115B42B300556BB6 /* ltyellowgradient.png */,
				BEF19299115B419900556BB6 /* ltgreygradient.png */,
				BEF19292115B410700556BB6 /* greygradient.png */,
				BEF19286115B3F3200556BB6 /* purplegradient.png */,
				BEF19225115B34E000556BB6 /* cellbg.png */,
				BECECE90113664CA00CB06B1 /* icon.png */,
				BECECE861136624000CB06B1 /* Default.png */,
				8D1107310486CEB800E47090 /* trm-Info.plist */,
			);
			name = Resources;
			sourceTree = "<group>";
		};
		29B97323FDCFA39411CA2CEA /* Frameworks */ = {
			isa = PBXGroup;
			children = (
				BEE3DEB2117798E000845A1D /* libBabTTS.a */,
				BEE3DEB3117798E100845A1D /* libMobilityStatic.a */,
				BE8EFD061134BFF6002A8F24 /* libxml2.dylib */,
				1DF5F4DF0D08C38300B7A737 /* UIKit.framework */,
				1D30AB110D05D00D00671497 /* Foundation.framework */,
				2892E40F0DC94CBA00A64D0F /* CoreGraphics.framework */,
				BE10A36611507AE600ACA4C6 /* QuartzCore.framework */,
				BE41E07C11756C1F003ED448 /* libstdc++.dylib */,
				BEE3DECF1177993D00845A1D /* AudioToolbox.framework */,
			);
			name = Frameworks;
			sourceTree = "<group>";
		};
		BE41DF7211756AE3003ED448 /* Products */ = {
			isa = PBXGroup;
			children = (
				BE41DF7711756AE3003ED448 /* libThree20.a */,
				BE41DF7911756AE3003ED448 /* UnitTests.octest */,
			);
			name = Products;
			sourceTree = "<group>";
		};
		BE8EFBFC11339928002A8F24 /* application */ = {
			isa = PBXGroup;
			children = (
				1D3623240D0F684500981E51 /* TRAppDelegate.h */,
				1D3623250D0F684500981E51 /* TRAppDelegate.m */,
				BE5C04AC117BB533002C36B0 /* TRTabBarController.h */,
				BE5C04AD117BB533002C36B0 /* TRTabBarController.m */,
				BECFE70D116D869A0042260B /* stylesheets */,
				BED39C3F117572DD008E2AE2 /* SettingsTable */,
				BE8EFC04113399AB002A8F24 /* models */,
				BECFE70E116D86B20042260B /* TweetTable */,
			);
			name = application;
			sourceTree = "<group>";
		};
		BE8EFC04113399AB002A8F24 /* models */ = {
			isa = PBXGroup;
			children = (
				BEF19388115E911700556BB6 /* TRTwitterModel.h */,
				BEF19389115E911700556BB6 /* TRTwitterModel.m */,
				BEF1938B115E919E00556BB6 /* TRTwitterTweet.h */,
				BEF1938C115E919E00556BB6 /* TRTwitterTweet.m */,
			);
			name = models;
			sourceTree = "<group>";
		};
		BE8EFC1C11339C59002A8F24 /* vendor */ = {
			isa = PBXGroup;
			children = (
				BEF194F41160111900556BB6 /* RegexKitLite */,
				BE9DCACF113791ED0081178C /* Acapela */,
			);
			name = vendor;
			sourceTree = "<group>";
		};
		BE9DCACF113791ED0081178C /* Acapela */ = {
			isa = PBXGroup;
			children = (
				BEE3DED51177999D00845A1D /* force_cpp.cpp */,
				BEE3DED61177999D00845A1D /* force_cpp.h */,
				BE10A1C8114F28C400ACA4C6 /* babdevlopper.lic.h */,
				BE10A1C9114F28C400ACA4C6 /* babdevlopper.lic.password */,
				BE20CD7D113794D4007BF519 /* AcapelaSpeech.h */,
				BE20CF621137AC4C007BF519 /* AcapelaLicense.h */,
			);
			name = Acapela;
			sourceTree = "<group>";
		};
		BECFE70D116D869A0042260B /* stylesheets */ = {
			isa = PBXGroup;
			children = (
				BE10A5491150A75000ACA4C6 /* TRDefaultStylesheet.h */,
				BE10A54A1150A75000ACA4C6 /* TRDefaultStylesheet.m */,
			);
			name = stylesheets;
			sourceTree = "<group>";
		};
		BECFE70E116D86B20042260B /* TweetTable */ = {
			isa = PBXGroup;
			children = (
				BE10A4E511509FCE00ACA4C6 /* TRTweetTableDataSource.h */,
				BE10A4E611509FCE00ACA4C6 /* TRTweetTableDataSource.m */,
				28C286DF0D94DF7D0034E888 /* TRTweetTableViewController.h */,
				BEF3426D1159CF05004B6F1A /* TRTweetTableViewController.m */,
				BE10A50A1150A13B00ACA4C6 /* TRTweetTableItem.h */,
				BE10A50B1150A13B00ACA4C6 /* TRTweetTableItem.m */,
				BE10A5441150A58E00ACA4C6 /* TRTweetTableItemCell.h */,
				BE10A5451150A58E00ACA4C6 /* TRTweetTableItemCell.m */,
			);
			name = TweetTable;
			sourceTree = "<group>";
		};
		BED39C3F117572DD008E2AE2 /* SettingsTable */ = {
			isa = PBXGroup;
			children = (
				BED39C4511757394008E2AE2 /* TRSettingsTableViewController.h */,
				BED39C4611757394008E2AE2 /* TRSettingsTableViewController.m */,
				BED39C48117573B1008E2AE2 /* TRSettingsTableDataSource.h */,
				BED39C49117573B1008E2AE2 /* TRSettingsTableDataSource.m */,
			);
			name = SettingsTable;
			sourceTree = "<group>";
		};
		BEF194F41160111900556BB6 /* RegexKitLite */ = {
			isa = PBXGroup;
			children = (
				BEF195061160119E00556BB6 /* RegexKitLite.h */,
				BEF195071160119F00556BB6 /* RegexKitLite.m */,
			);
			name = RegexKitLite;
			sourceTree = "<group>";
		};
/* End PBXGroup section */

/* Begin PBXNativeTarget section */
		1D6058900D05DD3D006BFB54 /* trm */ = {
			isa = PBXNativeTarget;
			buildConfigurationList = 1D6058960D05DD3E006BFB54 /* Build configuration list for PBXNativeTarget "trm" */;
			buildPhases = (
				1D60588D0D05DD3D006BFB54 /* Resources */,
				1D60588E0D05DD3D006BFB54 /* Sources */,
				1D60588F0D05DD3D006BFB54 /* Frameworks */,
				BE20CDA911379671007BF519 /* CopyFiles */,
			);
			buildRules = (
			);
			dependencies = (
				BED39D7A11758500008E2AE2 /* PBXTargetDependency */,
			);
			name = trm;
			productName = trm;
			productReference = 1D6058910D05DD3D006BFB54 /* tweetrad.io.app */;
			productType = "com.apple.product-type.application";
		};
/* End PBXNativeTarget section */

/* Begin PBXProject section */
		29B97313FDCFA39411CA2CEA /* Project object */ = {
			isa = PBXProject;
			attributes = {
				ORGANIZATIONNAME = tweetrad.io;
			};
			buildConfigurationList = C01FCF4E08A954540054247B /* Build configuration list for PBXProject "trm" */;
			compatibilityVersion = "Xcode 3.1";
			hasScannedForEncodings = 1;
			knownRegions = (
				English,
				Japanese,
				French,
				German,
				en,
			);
			mainGroup = 29B97314FDCFA39411CA2CEA /* CustomTemplate */;
			projectDirPath = "";
			projectReferences = (
				{
					ProductGroup = BE41DF7211756AE3003ED448 /* Products */;
					ProjectRef = BE41DF7111756AE3003ED448 /* Three20.xcodeproj */;
				},
			);
			projectRoot = "";
			targets = (
				1D6058900D05DD3D006BFB54 /* trm */,
			);
		};
/* End PBXProject section */

/* Begin PBXReferenceProxy section */
		BE41DF7711756AE3003ED448 /* libThree20.a */ = {
			isa = PBXReferenceProxy;
			fileType = archive.ar;
			path = libThree20.a;
			remoteRef = BE41DF7611756AE3003ED448 /* PBXContainerItemProxy */;
			sourceTree = BUILT_PRODUCTS_DIR;
		};
		BE41DF7911756AE3003ED448 /* UnitTests.octest */ = {
			isa = PBXReferenceProxy;
			fileType = wrapper.cfbundle;
			path = UnitTests.octest;
			remoteRef = BE41DF7811756AE3003ED448 /* PBXContainerItemProxy */;
			sourceTree = BUILT_PRODUCTS_DIR;
		};
/* End PBXReferenceProxy section */

/* Begin PBXResourcesBuildPhase section */
		1D60588D0D05DD3D006BFB54 /* Resources */ = {
			isa = PBXResourcesBuildPhase;
			buildActionMask = 2147483647;
			files = (
				BECECE871136624000CB06B1 /* Default.png in Resources */,
				BECECE91113664CA00CB06B1 /* icon.png in Resources */,
				BE10A5461150A58E00ACA4C6 /* TRTweetTableItemCell.m in Resources */,
				BEF19226115B34E000556BB6 /* cellbg.png in Resources */,
				BEF19287115B3F3200556BB6 /* purplegradient.png in Resources */,
				BEF19293115B410700556BB6 /* greygradient.png in Resources */,
				BEF1929A115B419900556BB6 /* ltgreygradient.png in Resources */,
				BEF192A4115B42B300556BB6 /* ltyellowgradient.png in Resources */,
				BE41DF7D11756AEF003ED448 /* Three20.bundle in Resources */,
				BEEAFAA61176AA3E005B4524 /* gear.png in Resources */,
				BE6F82A5117A6F9E006AC06B /* Acapela For iPhone HQM British Peter in Resources */,
				BE5C0540117BBF2B002C36B0 /* tab.png in Resources */,
				BE5C0545117BBF70002C36B0 /* magnifying-glass.png in Resources */,
				BE5C0546117BBF70002C36B0 /* user.png in Resources */,
				BE5C0651117BCCD1002C36B0 /* Acapela For iPhone HQM French Bruno in Resources */,
				BE5C0652117BCCD1002C36B0 /* Acapela For iPhone HQM USEnglish Ryan in Resources */,
				BE5C0653117BCCD1002C36B0 /* Acapela For iPhone HQM USSpanish Rosa in Resources */,
			);
			runOnlyForDeploymentPostprocessing = 0;
		};
/* End PBXResourcesBuildPhase section */

/* Begin PBXSourcesBuildPhase section */
		1D60588E0D05DD3D006BFB54 /* Sources */ = {
			isa = PBXSourcesBuildPhase;
			buildActionMask = 2147483647;
			files = (
				BE10A54B1150A75000ACA4C6 /* TRDefaultStylesheet.m in Sources */,
				1D3623260D0F684500981E51 /* TRAppDelegate.m in Sources */,
				BE10A50C1150A13B00ACA4C6 /* TRTweetTableItem.m in Sources */,
				BE10AA6A11584C4C00ACA4C6 /* TRTweetTableItemCell.m in Sources */,
				BE10A4E711509FCE00ACA4C6 /* TRTweetTableDataSource.m in Sources */,
				1D60589B0D05DD56006BFB54 /* main.m in Sources */,
				BEF3426E1159CF05004B6F1A /* TRTweetTableViewController.m in Sources */,
				BEF1938A115E911700556BB6 /* TRTwitterModel.m in Sources */,
				BEF1938D115E919E00556BB6 /* TRTwitterTweet.m in Sources */,
				BEF195081160119F00556BB6 /* RegexKitLite.m in Sources */,
				BED39C4711757394008E2AE2 /* TRSettingsTableViewController.m in Sources */,
				BED39C4A117573B1008E2AE2 /* TRSettingsTableDataSource.m in Sources */,
				BEE3DED71177999D00845A1D /* force_cpp.cpp in Sources */,
				BE5C04AE117BB533002C36B0 /* TRTabBarController.m in Sources */,
			);
			runOnlyForDeploymentPostprocessing = 0;
		};
/* End PBXSourcesBuildPhase section */

/* Begin PBXTargetDependency section */
		BED39D7A11758500008E2AE2 /* PBXTargetDependency */ = {
			isa = PBXTargetDependency;
			name = Three20;
			targetProxy = BED39D7911758500008E2AE2 /* PBXContainerItemProxy */;
		};
/* End PBXTargetDependency section */

/* Begin XCBuildConfiguration section */
		1D6058940D05DD3E006BFB54 /* Debug */ = {
			isa = XCBuildConfiguration;
			buildSettings = {
				ALWAYS_SEARCH_USER_PATHS = NO;
				COPY_PHASE_STRIP = NO;
				GCC_DYNAMIC_NO_PIC = NO;
				GCC_OPTIMIZATION_LEVEL = 0;
				GCC_PRECOMPILE_PREFIX_HEADER = YES;
				GCC_PREFIX_HEADER = trm_Prefix.pch;
				INFOPLIST_FILE = "trm-Info.plist";
				LIBRARY_SEARCH_PATHS = (
					"$(inherited)",
					"\"$(SRCROOT)\"",
					"\"$(SRCROOT)/../yajl/build/yajl-1.0.8/lib\"",
					"\"$(SRCROOT)/../../Downloads/libYAJLIPhone-0.2.2\"",
					"\"$(SRCROOT)/../../Sdk-HQ-TTS-iPhone/iPhone_Demo_1.0.5/iPhone_Demo_1.0.5/Libraries/iPhoneSimulator\"",
					"\"$(SYSTEM_APPS_DIR)/Acapela for iPhone/lib/iphonesimulator\"",
					"\"$(SDKROOT)/usr/lib/gcc/arm-apple-darwin9/4.0.1\"",
					"\"$(SRCROOT)/../acapela\"",
					"\"$(SRCROOT)/../acapela/iPhone_Demo_1.0.6/iPhone_Customer_1.0.6/Libraries/iPhoneSimulator\"",
					"\"$(SRCROOT)/../acapela/iPhone_Demo_1.0.6/iPhone_Customer_1.0.6/Libraries/iPhoneOS\"",
					"\"$(SRCROOT)/../acapela/iPhoneOS\"",
					"\"$(SDKROOT)/usr/lib/gcc/i686-apple-darwin9/4.0.1\"",
					"\"$(SDKROOT)/usr/lib/powerpc-apple-darwin9/4.0.1\"",
				);
				PRODUCT_NAME = tweetrad.io;
			};
			name = Debug;
		};
		1D6058950D05DD3E006BFB54 /* Release */ = {
			isa = XCBuildConfiguration;
			buildSettings = {
				ALWAYS_SEARCH_USER_PATHS = NO;
				COPY_PHASE_STRIP = YES;
				GCC_PRECOMPILE_PREFIX_HEADER = YES;
				GCC_PREFIX_HEADER = trm_Prefix.pch;
				INFOPLIST_FILE = "trm-Info.plist";
				LIBRARY_SEARCH_PATHS = (
					"$(inherited)",
					"\"$(SRCROOT)\"",
					"\"$(SRCROOT)/../yajl/build/yajl-1.0.8/lib\"",
					"\"$(SRCROOT)/../../Downloads/libYAJLIPhone-0.2.2\"",
					"\"$(SRCROOT)/../../Sdk-HQ-TTS-iPhone/iPhone_Demo_1.0.5/iPhone_Demo_1.0.5/Libraries/iPhoneSimulator\"",
					"\"$(SYSTEM_APPS_DIR)/Acapela for iPhone/lib/iphonesimulator\"",
					"\"$(SDKROOT)/usr/lib/gcc/arm-apple-darwin9/4.0.1\"",
					"\"$(SRCROOT)/../acapela\"",
					"\"$(SRCROOT)/../acapela/iPhone_Demo_1.0.6/iPhone_Customer_1.0.6/Libraries/iPhoneSimulator\"",
					"\"$(SRCROOT)/../acapela/iPhone_Demo_1.0.6/iPhone_Customer_1.0.6/Libraries/iPhoneOS\"",
					"\"$(SRCROOT)/../acapela/iPhoneOS\"",
					"\"$(SDKROOT)/usr/lib/gcc/i686-apple-darwin9/4.0.1\"",
					"\"$(SDKROOT)/usr/lib/powerpc-apple-darwin9/4.0.1\"",
				);
				PRODUCT_NAME = trm;
			};
			name = Release;
		};
		C01FCF4F08A954540054247B /* Debug */ = {
			isa = XCBuildConfiguration;
			buildSettings = {
				ARCHS = "$(ARCHS_STANDARD_32_BIT)";
				"CODE_SIGN_IDENTITY[sdk=iphoneos*]" = "iPhone Developer";
				DEAD_CODE_STRIPPING = NO;
				GCC_C_LANGUAGE_STANDARD = c99;
				GCC_THUMB_SUPPORT = NO;
				GCC_TREAT_WARNINGS_AS_ERRORS = YES;
				GCC_WARN_ABOUT_RETURN_TYPE = YES;
				GCC_WARN_UNUSED_VARIABLE = YES;
				HEADER_SEARCH_PATHS = ../three20/src;
				ONLY_ACTIVE_ARCH = YES;
				OTHER_LDFLAGS = (
					"-lMobilityStatic",
					"-lBabTTS",
					"-all_load",
					"-ObjC",
					"-licucore",
				);
				PREBINDING = NO;
				PRODUCT_NAME = tweetradio;
				SDKROOT = iphonesimulator3.1.3;
			};
			name = Debug;
		};
		C01FCF5008A954540054247B /* Release */ = {
			isa = XCBuildConfiguration;
			buildSettings = {
				ARCHS = "$(ARCHS_STANDARD_32_BIT)";
				"CODE_SIGN_IDENTITY[sdk=iphoneos*]" = "iPhone Developer";
				GCC_C_LANGUAGE_STANDARD = c99;
				GCC_TREAT_WARNINGS_AS_ERRORS = YES;
				GCC_WARN_ABOUT_RETURN_TYPE = YES;
				GCC_WARN_UNUSED_VARIABLE = YES;
				HEADER_SEARCH_PATHS = ../three20/src;
				OTHER_LDFLAGS = (
					"-lMobilityStatic",
					"-lBabTTS",
					"-all_load",
					"-ObjC",
					"-licucore",
				);
				PREBINDING = NO;
				SDKROOT = iphonesimulator3.1.3;
			};
			name = Release;
		};
/* End XCBuildConfiguration section */

/* Begin XCConfigurationList section */
		1D6058960D05DD3E006BFB54 /* Build configuration list for PBXNativeTarget "trm" */ = {
			isa = XCConfigurationList;
			buildConfigurations = (
				1D6058940D05DD3E006BFB54 /* Debug */,
				1D6058950D05DD3E006BFB54 /* Release */,
			);
			defaultConfigurationIsVisible = 0;
			defaultConfigurationName = Release;
		};
		C01FCF4E08A954540054247B /* Build configuration list for PBXProject "trm" */ = {
			isa = XCConfigurationList;
			buildConfigurations = (
				C01FCF4F08A954540054247B /* Debug */,
				C01FCF5008A954540054247B /* Release */,
			);
			defaultConfigurationIsVisible = 0;
			defaultConfigurationName = Release;
		};
/* End XCConfigurationList section */
	};
	rootObject = 29B97313FDCFA39411CA2CEA /* Project object */;
}
