// !$*UTF8*$!
{
	archiveVersion = 1;
	classes = {
	};
	objectVersion = 45;
	objects = {

/* Begin PBXBuildFile section */
		1D3623260D0F684500981E51 /* TRAppDelegate.m in Sources */ = {isa = PBXBuildFile; fileRef = 1D3623250D0F684500981E51 /* TRAppDelegate.m */; };
		1D60589B0D05DD56006BFB54 /* main.m in Sources */ = {isa = PBXBuildFile; fileRef = 29B97316FDCFA39411CA2CEA /* main.m */; };
		1D60589F0D05DD5A006BFB54 /* Foundation.framework in Frameworks */ = {isa = PBXBuildFile; fileRef = 1D30AB110D05D00D00671497 /* Foundation.framework */; };
		1DF5F4E00D08C38300B7A737 /* UIKit.framework in Frameworks */ = {isa = PBXBuildFile; fileRef = 1DF5F4DF0D08C38300B7A737 /* UIKit.framework */; };
		2892E4100DC94CBA00A64D0F /* CoreGraphics.framework in Frameworks */ = {isa = PBXBuildFile; fileRef = 2892E40F0DC94CBA00A64D0F /* CoreGraphics.framework */; };
		28C286E10D94DF7D0034E888 /* TRTweetTableViewController.m in Sources */ = {isa = PBXBuildFile; fileRef = 28C286E00D94DF7D0034E888 /* TRTweetTableViewController.m */; };
		BE10A1CA114F28C400ACA4C6 /* babdevlopper.lic.password in Resources */ = {isa = PBXBuildFile; fileRef = BE10A1C9114F28C400ACA4C6 /* babdevlopper.lic.password */; };
		BE10A1D8114F291C00ACA4C6 /* libstdc++.dylib in Frameworks */ = {isa = PBXBuildFile; fileRef = BE10A1D7114F291C00ACA4C6 /* libstdc++.dylib */; };
		BE10A33C11507AC900ACA4C6 /* Three20.bundle in Resources */ = {isa = PBXBuildFile; fileRef = BE10A33B11507AC900ACA4C6 /* Three20.bundle */; };
		BE10A36711507AE600ACA4C6 /* QuartzCore.framework in Frameworks */ = {isa = PBXBuildFile; fileRef = BE10A36611507AE600ACA4C6 /* QuartzCore.framework */; };
		BE10A4D511509EBF00ACA4C6 /* libThree20.a in Frameworks */ = {isa = PBXBuildFile; fileRef = BE10A3A011507D4900ACA4C6 /* libThree20.a */; };
		BE10A4E711509FCE00ACA4C6 /* TRTweetTableDataSource.m in Sources */ = {isa = PBXBuildFile; fileRef = BE10A4E611509FCE00ACA4C6 /* TRTweetTableDataSource.m */; };
		BE10A50C1150A13B00ACA4C6 /* TRTweetTableItem.m in Sources */ = {isa = PBXBuildFile; fileRef = BE10A50B1150A13B00ACA4C6 /* TRTweetTableItem.m */; };
		BE10A5461150A58E00ACA4C6 /* TRTweetTableItemCell.m in Resources */ = {isa = PBXBuildFile; fileRef = BE10A5451150A58E00ACA4C6 /* TRTweetTableItemCell.m */; };
		BE10A54B1150A75000ACA4C6 /* TRDefaultStylesheet.m in Sources */ = {isa = PBXBuildFile; fileRef = BE10A54A1150A75000ACA4C6 /* TRDefaultStylesheet.m */; };
		BE10A88111534B6B00ACA4C6 /* TRTweet.m in Sources */ = {isa = PBXBuildFile; fileRef = BE10A88011534B6B00ACA4C6 /* TRTweet.m */; };
		BE10AA6A11584C4C00ACA4C6 /* TRTweetTableItemCell.m in Sources */ = {isa = PBXBuildFile; fileRef = BE10A5451150A58E00ACA4C6 /* TRTweetTableItemCell.m */; };
		BE10AD1C11587B6400ACA4C6 /* TRTweetTableDelegate.m in Sources */ = {isa = PBXBuildFile; fileRef = BE10AD1B11587B6400ACA4C6 /* TRTweetTableDelegate.m */; };
		BE20CDDA11379B16007BF519 /* AudioToolbox.framework in Frameworks */ = {isa = PBXBuildFile; fileRef = BE20CDD911379B16007BF519 /* AudioToolbox.framework */; };
		BE7BB7291159B9EB00508431 /* Acapela For iPhone HQM USEnglish Heather in Resources */ = {isa = PBXBuildFile; fileRef = BE7BB7231159B9EB00508431 /* Acapela For iPhone HQM USEnglish Heather */; };
		BE7BB72E1159BA4E00508431 /* sim-libBabTTS.a in Frameworks */ = {isa = PBXBuildFile; fileRef = BE7BB72C1159BA4E00508431 /* sim-libBabTTS.a */; };
		BE7BB72F1159BA4E00508431 /* sim-libMobilityStatic.a in Frameworks */ = {isa = PBXBuildFile; fileRef = BE7BB72D1159BA4E00508431 /* sim-libMobilityStatic.a */; };
		BE8EFC0111339984002A8F24 /* libsqlite3.dylib in Frameworks */ = {isa = PBXBuildFile; fileRef = BE8EFC0011339984002A8F24 /* libsqlite3.dylib */; };
		BE8EFC6011339D67002A8F24 /* Twitter.m in Sources */ = {isa = PBXBuildFile; fileRef = BE8EFC5F11339D67002A8F24 /* Twitter.m */; };
		BE8EFD071134BFF6002A8F24 /* libxml2.dylib in Frameworks */ = {isa = PBXBuildFile; fileRef = BE8EFD061134BFF6002A8F24 /* libxml2.dylib */; };
		BE8EFD8F1134C21D002A8F24 /* MGTwitterEngine.m in Sources */ = {isa = PBXBuildFile; fileRef = BE8EFD641134C21D002A8F24 /* MGTwitterEngine.m */; };
		BE8EFD901134C21D002A8F24 /* MGTwitterHTTPURLConnection.m in Sources */ = {isa = PBXBuildFile; fileRef = BE8EFD681134C21D002A8F24 /* MGTwitterHTTPURLConnection.m */; };
		BE8EFD911134C21D002A8F24 /* MGTwitterLibXMLParser.m in Sources */ = {isa = PBXBuildFile; fileRef = BE8EFD6A1134C21D002A8F24 /* MGTwitterLibXMLParser.m */; };
		BE8EFD921134C21D002A8F24 /* MGTwitterMessagesLibXMLParser.m in Sources */ = {isa = PBXBuildFile; fileRef = BE8EFD6C1134C21D002A8F24 /* MGTwitterMessagesLibXMLParser.m */; };
		BE8EFD931134C21D002A8F24 /* MGTwitterMessagesParser.m in Sources */ = {isa = PBXBuildFile; fileRef = BE8EFD6E1134C21D002A8F24 /* MGTwitterMessagesParser.m */; };
		BE8EFD941134C21D002A8F24 /* MGTwitterMessagesYAJLParser.m in Sources */ = {isa = PBXBuildFile; fileRef = BE8EFD701134C21D002A8F24 /* MGTwitterMessagesYAJLParser.m */; };
		BE8EFD951134C21D002A8F24 /* MGTwitterMiscLibXMLParser.m in Sources */ = {isa = PBXBuildFile; fileRef = BE8EFD721134C21D002A8F24 /* MGTwitterMiscLibXMLParser.m */; };
		BE8EFD961134C21D002A8F24 /* MGTwitterMiscParser.m in Sources */ = {isa = PBXBuildFile; fileRef = BE8EFD741134C21D002A8F24 /* MGTwitterMiscParser.m */; };
		BE8EFD971134C21D002A8F24 /* MGTwitterMiscYAJLParser.m in Sources */ = {isa = PBXBuildFile; fileRef = BE8EFD761134C21D002A8F24 /* MGTwitterMiscYAJLParser.m */; };
		BE8EFD981134C21D002A8F24 /* MGTwitterSearchYAJLParser.m in Sources */ = {isa = PBXBuildFile; fileRef = BE8EFD7A1134C21D002A8F24 /* MGTwitterSearchYAJLParser.m */; };
		BE8EFD991134C21D002A8F24 /* MGTwitterStatusesLibXMLParser.m in Sources */ = {isa = PBXBuildFile; fileRef = BE8EFD7C1134C21D002A8F24 /* MGTwitterStatusesLibXMLParser.m */; };
		BE8EFD9A1134C21D002A8F24 /* MGTwitterStatusesParser.m in Sources */ = {isa = PBXBuildFile; fileRef = BE8EFD7E1134C21D002A8F24 /* MGTwitterStatusesParser.m */; };
		BE8EFD9B1134C21D002A8F24 /* MGTwitterStatusesYAJLParser.m in Sources */ = {isa = PBXBuildFile; fileRef = BE8EFD801134C21D002A8F24 /* MGTwitterStatusesYAJLParser.m */; };
		BE8EFD9C1134C21D002A8F24 /* MGTwitterUsersLibXMLParser.m in Sources */ = {isa = PBXBuildFile; fileRef = BE8EFD821134C21D002A8F24 /* MGTwitterUsersLibXMLParser.m */; };
		BE8EFD9D1134C21D002A8F24 /* MGTwitterUsersParser.m in Sources */ = {isa = PBXBuildFile; fileRef = BE8EFD841134C21D002A8F24 /* MGTwitterUsersParser.m */; };
		BE8EFD9E1134C21D002A8F24 /* MGTwitterUsersYAJLParser.m in Sources */ = {isa = PBXBuildFile; fileRef = BE8EFD861134C21D002A8F24 /* MGTwitterUsersYAJLParser.m */; };
		BE8EFD9F1134C21D002A8F24 /* MGTwitterXMLParser.m in Sources */ = {isa = PBXBuildFile; fileRef = BE8EFD881134C21D002A8F24 /* MGTwitterXMLParser.m */; };
		BE8EFDA01134C21D002A8F24 /* MGTwitterYAJLParser.m in Sources */ = {isa = PBXBuildFile; fileRef = BE8EFD8A1134C21D002A8F24 /* MGTwitterYAJLParser.m */; };
		BE8EFDA11134C21D002A8F24 /* NSData+Base64.m in Sources */ = {isa = PBXBuildFile; fileRef = BE8EFD8C1134C21D002A8F24 /* NSData+Base64.m */; };
		BE8EFDA21134C21D002A8F24 /* NSString+UUID.m in Sources */ = {isa = PBXBuildFile; fileRef = BE8EFD8E1134C21D002A8F24 /* NSString+UUID.m */; };
		BE8EFE351134D5C5002A8F24 /* libYAJLIPhone.a in Frameworks */ = {isa = PBXBuildFile; fileRef = BE8EFE341134D5C5002A8F24 /* libYAJLIPhone.a */; };
		BE9DC80D113762430081178C /* InAppSettingsPSChildPaneSpecifierCell.m in Sources */ = {isa = PBXBuildFile; fileRef = BE9DC7F5113762430081178C /* InAppSettingsPSChildPaneSpecifierCell.m */; };
		BE9DC80E113762430081178C /* InAppSettingsPSMultiValueSpecifierCell.m in Sources */ = {isa = PBXBuildFile; fileRef = BE9DC7F7113762430081178C /* InAppSettingsPSMultiValueSpecifierCell.m */; };
		BE9DC80F113762430081178C /* InAppSettingsPSSliderSpecifierCell.m in Sources */ = {isa = PBXBuildFile; fileRef = BE9DC7F9113762430081178C /* InAppSettingsPSSliderSpecifierCell.m */; };
		BE9DC810113762430081178C /* InAppSettingsPSTextFieldSpecifierCell.m in Sources */ = {isa = PBXBuildFile; fileRef = BE9DC7FB113762430081178C /* InAppSettingsPSTextFieldSpecifierCell.m */; };
		BE9DC811113762430081178C /* InAppSettingsPSTitleValueSpecifierCell.m in Sources */ = {isa = PBXBuildFile; fileRef = BE9DC7FD113762430081178C /* InAppSettingsPSTitleValueSpecifierCell.m */; };
		BE9DC812113762430081178C /* InAppSettingsPSToggleSwitchSpecifierCell.m in Sources */ = {isa = PBXBuildFile; fileRef = BE9DC7FF113762430081178C /* InAppSettingsPSToggleSwitchSpecifierCell.m */; };
		BE9DC813113762430081178C /* InAppSettingsTableCell.m in Sources */ = {isa = PBXBuildFile; fileRef = BE9DC801113762430081178C /* InAppSettingsTableCell.m */; };
		BE9DC814113762430081178C /* InAppSettings.m in Sources */ = {isa = PBXBuildFile; fileRef = BE9DC803113762430081178C /* InAppSettings.m */; };
		BE9DC815113762430081178C /* InAppSettingsPSMultiValueSpecifierTable.m in Sources */ = {isa = PBXBuildFile; fileRef = BE9DC806113762430081178C /* InAppSettingsPSMultiValueSpecifierTable.m */; };
		BE9DC816113762430081178C /* InAppSettingsReader.m in Sources */ = {isa = PBXBuildFile; fileRef = BE9DC808113762430081178C /* InAppSettingsReader.m */; };
		BE9DC817113762430081178C /* InAppSettingsSpecifier.m in Sources */ = {isa = PBXBuildFile; fileRef = BE9DC80A113762430081178C /* InAppSettingsSpecifier.m */; };
		BE9DC818113762430081178C /* LICENSE in Resources */ = {isa = PBXBuildFile; fileRef = BE9DC80B113762430081178C /* LICENSE */; };
		BE9DC819113762430081178C /* README in Resources */ = {isa = PBXBuildFile; fileRef = BE9DC80C113762430081178C /* README */; };
		BE9DC881113766BA0081178C /* Settings.bundle in Resources */ = {isa = PBXBuildFile; fileRef = BE9DC880113766BA0081178C /* Settings.bundle */; };
		BECECE871136624000CB06B1 /* Default.png in Resources */ = {isa = PBXBuildFile; fileRef = BECECE861136624000CB06B1 /* Default.png */; };
		BECECE91113664CA00CB06B1 /* icon.png in Resources */ = {isa = PBXBuildFile; fileRef = BECECE90113664CA00CB06B1 /* icon.png */; };
/* End PBXBuildFile section */

/* Begin PBXContainerItemProxy section */
		BE10A39F11507D4900ACA4C6 /* PBXContainerItemProxy */ = {
			isa = PBXContainerItemProxy;
			containerPortal = BE10A39A11507D4900ACA4C6 /* Three20.xcodeproj */;
			proxyType = 2;
			remoteGlobalIDString = BEF31F3A0F352DF5000DE5D2;
			remoteInfo = Three20;
		};
		BE10A3A111507D4900ACA4C6 /* PBXContainerItemProxy */ = {
			isa = PBXContainerItemProxy;
			containerPortal = BE10A39A11507D4900ACA4C6 /* Three20.xcodeproj */;
			proxyType = 2;
			remoteGlobalIDString = EB9E6C6210B6A8F800DE563C;
			remoteInfo = UnitTests;
		};
		BE10A3A711507E0300ACA4C6 /* PBXContainerItemProxy */ = {
			isa = PBXContainerItemProxy;
			containerPortal = BE10A39A11507D4900ACA4C6 /* Three20.xcodeproj */;
			proxyType = 1;
			remoteGlobalIDString = BEF31F390F352DF5000DE5D2;
			remoteInfo = Three20;
		};
/* End PBXContainerItemProxy section */

/* Begin PBXCopyFilesBuildPhase section */
		BE20CDA911379671007BF519 /* CopyFiles */ = {
			isa = PBXCopyFilesBuildPhase;
			buildActionMask = 2147483647;
			dstPath = "";
			dstSubfolderSpec = 7;
			files = (
			);
			runOnlyForDeploymentPostprocessing = 0;
		};
/* End PBXCopyFilesBuildPhase section */

/* Begin PBXFileReference section */
		1D30AB110D05D00D00671497 /* Foundation.framework */ = {isa = PBXFileReference; lastKnownFileType = wrapper.framework; name = Foundation.framework; path = System/Library/Frameworks/Foundation.framework; sourceTree = SDKROOT; };
		1D3623240D0F684500981E51 /* TRAppDelegate.h */ = {isa = PBXFileReference; fileEncoding = 4; lastKnownFileType = sourcecode.c.h; path = TRAppDelegate.h; sourceTree = "<group>"; };
		1D3623250D0F684500981E51 /* TRAppDelegate.m */ = {isa = PBXFileReference; fileEncoding = 4; lastKnownFileType = sourcecode.c.objc; path = TRAppDelegate.m; sourceTree = "<group>"; };
		1D6058910D05DD3D006BFB54 /* trm.app */ = {isa = PBXFileReference; explicitFileType = wrapper.application; includeInIndex = 0; path = trm.app; sourceTree = BUILT_PRODUCTS_DIR; };
		1DF5F4DF0D08C38300B7A737 /* UIKit.framework */ = {isa = PBXFileReference; lastKnownFileType = wrapper.framework; name = UIKit.framework; path = System/Library/Frameworks/UIKit.framework; sourceTree = SDKROOT; };
		2892E40F0DC94CBA00A64D0F /* CoreGraphics.framework */ = {isa = PBXFileReference; lastKnownFileType = wrapper.framework; name = CoreGraphics.framework; path = System/Library/Frameworks/CoreGraphics.framework; sourceTree = SDKROOT; };
		28A0AAE50D9B0CCF005BE974 /* trm_Prefix.pch */ = {isa = PBXFileReference; fileEncoding = 4; lastKnownFileType = sourcecode.c.h; path = trm_Prefix.pch; sourceTree = "<group>"; };
		28C286DF0D94DF7D0034E888 /* TRTweetTableViewController.h */ = {isa = PBXFileReference; fileEncoding = 4; lastKnownFileType = sourcecode.c.h; path = TRTweetTableViewController.h; sourceTree = "<group>"; };
		28C286E00D94DF7D0034E888 /* TRTweetTableViewController.m */ = {isa = PBXFileReference; fileEncoding = 4; lastKnownFileType = sourcecode.c.objc; path = TRTweetTableViewController.m; sourceTree = "<group>"; };
		29B97316FDCFA39411CA2CEA /* main.m */ = {isa = PBXFileReference; fileEncoding = 4; lastKnownFileType = sourcecode.c.objc; path = main.m; sourceTree = "<group>"; };
		8D1107310486CEB800E47090 /* trm-Info.plist */ = {isa = PBXFileReference; fileEncoding = 4; lastKnownFileType = text.plist.xml; path = "trm-Info.plist"; plistStructureDefinitionIdentifier = "com.apple.xcode.plist.structure-definition.iphone.info-plist"; sourceTree = "<group>"; };
		BE10A1C8114F28C400ACA4C6 /* babdevlopper.lic.h */ = {isa = PBXFileReference; fileEncoding = 4; lastKnownFileType = sourcecode.c.h; path = babdevlopper.lic.h; sourceTree = "<group>"; };
		BE10A1C9114F28C400ACA4C6 /* babdevlopper.lic.password */ = {isa = PBXFileReference; fileEncoding = 4; lastKnownFileType = text; path = babdevlopper.lic.password; sourceTree = "<group>"; };
		BE10A1D7114F291C00ACA4C6 /* libstdc++.dylib */ = {isa = PBXFileReference; lastKnownFileType = "compiled.mach-o.dylib"; name = "libstdc++.dylib"; path = "usr/lib/gcc/arm-apple-darwin9/4.0.1/libstdc++.dylib"; sourceTree = SDKROOT; };
		BE10A33B11507AC900ACA4C6 /* Three20.bundle */ = {isa = PBXFileReference; lastKnownFileType = "wrapper.plug-in"; name = Three20.bundle; path = ../three20/src/Three20.bundle; sourceTree = SOURCE_ROOT; };
		BE10A36611507AE600ACA4C6 /* QuartzCore.framework */ = {isa = PBXFileReference; lastKnownFileType = wrapper.framework; name = QuartzCore.framework; path = System/Library/Frameworks/QuartzCore.framework; sourceTree = SDKROOT; };
		BE10A39A11507D4900ACA4C6 /* Three20.xcodeproj */ = {isa = PBXFileReference; lastKnownFileType = "wrapper.pb-project"; name = Three20.xcodeproj; path = ../three20/src/Three20.xcodeproj; sourceTree = SOURCE_ROOT; };
		BE10A4E511509FCE00ACA4C6 /* TRTweetTableDataSource.h */ = {isa = PBXFileReference; fileEncoding = 4; lastKnownFileType = sourcecode.c.h; path = TRTweetTableDataSource.h; sourceTree = "<group>"; };
		BE10A4E611509FCE00ACA4C6 /* TRTweetTableDataSource.m */ = {isa = PBXFileReference; fileEncoding = 4; lastKnownFileType = sourcecode.c.objc; path = TRTweetTableDataSource.m; sourceTree = "<group>"; };
		BE10A50A1150A13B00ACA4C6 /* TRTweetTableItem.h */ = {isa = PBXFileReference; fileEncoding = 4; lastKnownFileType = sourcecode.c.h; path = TRTweetTableItem.h; sourceTree = "<group>"; };
		BE10A50B1150A13B00ACA4C6 /* TRTweetTableItem.m */ = {isa = PBXFileReference; fileEncoding = 4; lastKnownFileType = sourcecode.c.objc; path = TRTweetTableItem.m; sourceTree = "<group>"; };
		BE10A5441150A58E00ACA4C6 /* TRTweetTableItemCell.h */ = {isa = PBXFileReference; fileEncoding = 4; lastKnownFileType = sourcecode.c.h; path = TRTweetTableItemCell.h; sourceTree = "<group>"; };
		BE10A5451150A58E00ACA4C6 /* TRTweetTableItemCell.m */ = {isa = PBXFileReference; fileEncoding = 4; lastKnownFileType = sourcecode.c.objc; path = TRTweetTableItemCell.m; sourceTree = "<group>"; };
		BE10A5491150A75000ACA4C6 /* TRDefaultStylesheet.h */ = {isa = PBXFileReference; fileEncoding = 4; lastKnownFileType = sourcecode.c.h; path = TRDefaultStylesheet.h; sourceTree = "<group>"; };
		BE10A54A1150A75000ACA4C6 /* TRDefaultStylesheet.m */ = {isa = PBXFileReference; fileEncoding = 4; lastKnownFileType = sourcecode.c.objc; path = TRDefaultStylesheet.m; sourceTree = "<group>"; };
		BE10A87F11534B6B00ACA4C6 /* TRTweet.h */ = {isa = PBXFileReference; fileEncoding = 4; lastKnownFileType = sourcecode.c.h; path = TRTweet.h; sourceTree = "<group>"; };
		BE10A88011534B6B00ACA4C6 /* TRTweet.m */ = {isa = PBXFileReference; fileEncoding = 4; lastKnownFileType = sourcecode.c.objc; path = TRTweet.m; sourceTree = "<group>"; };
		BE10AD1A11587B6400ACA4C6 /* TRTweetTableDelegate.h */ = {isa = PBXFileReference; fileEncoding = 4; lastKnownFileType = sourcecode.c.h; path = TRTweetTableDelegate.h; sourceTree = "<group>"; };
		BE10AD1B11587B6400ACA4C6 /* TRTweetTableDelegate.m */ = {isa = PBXFileReference; fileEncoding = 4; lastKnownFileType = sourcecode.c.objc; path = TRTweetTableDelegate.m; sourceTree = "<group>"; };
		BE20CD7D113794D4007BF519 /* AcapelaSpeech.h */ = {isa = PBXFileReference; fileEncoding = 4; lastKnownFileType = sourcecode.c.h; path = AcapelaSpeech.h; sourceTree = "<group>"; };
		BE20CDD911379B16007BF519 /* AudioToolbox.framework */ = {isa = PBXFileReference; lastKnownFileType = wrapper.framework; name = AudioToolbox.framework; path = System/Library/Frameworks/AudioToolbox.framework; sourceTree = SDKROOT; };
		BE20CF621137AC4C007BF519 /* AcapelaLicense.h */ = {isa = PBXFileReference; fileEncoding = 4; lastKnownFileType = sourcecode.c.h; path = AcapelaLicense.h; sourceTree = "<group>"; };
		BE7BB5711159B5DA00508431 /* trmRelease-Info.plist */ = {isa = PBXFileReference; lastKnownFileType = text.plist.xml; path = "trmRelease-Info.plist"; sourceTree = "<group>"; };
		BE7BB7231159B9EB00508431 /* Acapela For iPhone HQM USEnglish Heather */ = {isa = PBXFileReference; lastKnownFileType = folder; name = "Acapela For iPhone HQM USEnglish Heather"; path = "../acapela/Acapela For iPhone HQM USEnglish Heather"; sourceTree = SOURCE_ROOT; };
		BE7BB72C1159BA4E00508431 /* sim-libBabTTS.a */ = {isa = PBXFileReference; lastKnownFileType = archive.ar; path = "sim-libBabTTS.a"; sourceTree = "<group>"; };
		BE7BB72D1159BA4E00508431 /* sim-libMobilityStatic.a */ = {isa = PBXFileReference; lastKnownFileType = archive.ar; path = "sim-libMobilityStatic.a"; sourceTree = "<group>"; };
		BE8EFC0011339984002A8F24 /* libsqlite3.dylib */ = {isa = PBXFileReference; lastKnownFileType = "compiled.mach-o.dylib"; name = libsqlite3.dylib; path = usr/lib/libsqlite3.dylib; sourceTree = SDKROOT; };
		BE8EFC5E11339D67002A8F24 /* Twitter.h */ = {isa = PBXFileReference; fileEncoding = 4; lastKnownFileType = sourcecode.c.h; path = Twitter.h; sourceTree = "<group>"; };
		BE8EFC5F11339D67002A8F24 /* Twitter.m */ = {isa = PBXFileReference; fileEncoding = 4; lastKnownFileType = sourcecode.c.objc; path = Twitter.m; sourceTree = "<group>"; };
		BE8EFD061134BFF6002A8F24 /* libxml2.dylib */ = {isa = PBXFileReference; lastKnownFileType = "compiled.mach-o.dylib"; name = libxml2.dylib; path = usr/lib/libxml2.dylib; sourceTree = SDKROOT; };
		BE8EFD621134C21D002A8F24 /* MGTwitterEngine_Prefix.pch */ = {isa = PBXFileReference; fileEncoding = 4; lastKnownFileType = sourcecode.c.h; path = MGTwitterEngine_Prefix.pch; sourceTree = "<group>"; };
		BE8EFD631134C21D002A8F24 /* MGTwitterEngine.h */ = {isa = PBXFileReference; fileEncoding = 4; lastKnownFileType = sourcecode.c.h; path = MGTwitterEngine.h; sourceTree = "<group>"; };
		BE8EFD641134C21D002A8F24 /* MGTwitterEngine.m */ = {isa = PBXFileReference; fileEncoding = 4; lastKnownFileType = sourcecode.c.objc; path = MGTwitterEngine.m; sourceTree = "<group>"; };
		BE8EFD651134C21D002A8F24 /* MGTwitterEngineDelegate.h */ = {isa = PBXFileReference; fileEncoding = 4; lastKnownFileType = sourcecode.c.h; path = MGTwitterEngineDelegate.h; sourceTree = "<group>"; };
		BE8EFD661134C21D002A8F24 /* MGTwitterEngineGlobalHeader.h */ = {isa = PBXFileReference; fileEncoding = 4; lastKnownFileType = sourcecode.c.h; path = MGTwitterEngineGlobalHeader.h; sourceTree = "<group>"; };
		BE8EFD671134C21D002A8F24 /* MGTwitterHTTPURLConnection.h */ = {isa = PBXFileReference; fileEncoding = 4; lastKnownFileType = sourcecode.c.h; path = MGTwitterHTTPURLConnection.h; sourceTree = "<group>"; };
		BE8EFD681134C21D002A8F24 /* MGTwitterHTTPURLConnection.m */ = {isa = PBXFileReference; fileEncoding = 4; lastKnownFileType = sourcecode.c.objc; path = MGTwitterHTTPURLConnection.m; sourceTree = "<group>"; };
		BE8EFD691134C21D002A8F24 /* MGTwitterLibXMLParser.h */ = {isa = PBXFileReference; fileEncoding = 4; lastKnownFileType = sourcecode.c.h; path = MGTwitterLibXMLParser.h; sourceTree = "<group>"; };
		BE8EFD6A1134C21D002A8F24 /* MGTwitterLibXMLParser.m */ = {isa = PBXFileReference; fileEncoding = 4; lastKnownFileType = sourcecode.c.objc; path = MGTwitterLibXMLParser.m; sourceTree = "<group>"; };
		BE8EFD6B1134C21D002A8F24 /* MGTwitterMessagesLibXMLParser.h */ = {isa = PBXFileReference; fileEncoding = 4; lastKnownFileType = sourcecode.c.h; path = MGTwitterMessagesLibXMLParser.h; sourceTree = "<group>"; };
		BE8EFD6C1134C21D002A8F24 /* MGTwitterMessagesLibXMLParser.m */ = {isa = PBXFileReference; fileEncoding = 4; lastKnownFileType = sourcecode.c.objc; path = MGTwitterMessagesLibXMLParser.m; sourceTree = "<group>"; };
		BE8EFD6D1134C21D002A8F24 /* MGTwitterMessagesParser.h */ = {isa = PBXFileReference; fileEncoding = 4; lastKnownFileType = sourcecode.c.h; path = MGTwitterMessagesParser.h; sourceTree = "<group>"; };
		BE8EFD6E1134C21D002A8F24 /* MGTwitterMessagesParser.m */ = {isa = PBXFileReference; fileEncoding = 4; lastKnownFileType = sourcecode.c.objc; path = MGTwitterMessagesParser.m; sourceTree = "<group>"; };
		BE8EFD6F1134C21D002A8F24 /* MGTwitterMessagesYAJLParser.h */ = {isa = PBXFileReference; fileEncoding = 4; lastKnownFileType = sourcecode.c.h; path = MGTwitterMessagesYAJLParser.h; sourceTree = "<group>"; };
		BE8EFD701134C21D002A8F24 /* MGTwitterMessagesYAJLParser.m */ = {isa = PBXFileReference; fileEncoding = 4; lastKnownFileType = sourcecode.c.objc; path = MGTwitterMessagesYAJLParser.m; sourceTree = "<group>"; };
		BE8EFD711134C21D002A8F24 /* MGTwitterMiscLibXMLParser.h */ = {isa = PBXFileReference; fileEncoding = 4; lastKnownFileType = sourcecode.c.h; path = MGTwitterMiscLibXMLParser.h; sourceTree = "<group>"; };
		BE8EFD721134C21D002A8F24 /* MGTwitterMiscLibXMLParser.m */ = {isa = PBXFileReference; fileEncoding = 4; lastKnownFileType = sourcecode.c.objc; path = MGTwitterMiscLibXMLParser.m; sourceTree = "<group>"; };
		BE8EFD731134C21D002A8F24 /* MGTwitterMiscParser.h */ = {isa = PBXFileReference; fileEncoding = 4; lastKnownFileType = sourcecode.c.h; path = MGTwitterMiscParser.h; sourceTree = "<group>"; };
		BE8EFD741134C21D002A8F24 /* MGTwitterMiscParser.m */ = {isa = PBXFileReference; fileEncoding = 4; lastKnownFileType = sourcecode.c.objc; path = MGTwitterMiscParser.m; sourceTree = "<group>"; };
		BE8EFD751134C21D002A8F24 /* MGTwitterMiscYAJLParser.h */ = {isa = PBXFileReference; fileEncoding = 4; lastKnownFileType = sourcecode.c.h; path = MGTwitterMiscYAJLParser.h; sourceTree = "<group>"; };
		BE8EFD761134C21D002A8F24 /* MGTwitterMiscYAJLParser.m */ = {isa = PBXFileReference; fileEncoding = 4; lastKnownFileType = sourcecode.c.objc; path = MGTwitterMiscYAJLParser.m; sourceTree = "<group>"; };
		BE8EFD771134C21D002A8F24 /* MGTwitterParserDelegate.h */ = {isa = PBXFileReference; fileEncoding = 4; lastKnownFileType = sourcecode.c.h; path = MGTwitterParserDelegate.h; sourceTree = "<group>"; };
		BE8EFD781134C21D002A8F24 /* MGTwitterRequestTypes.h */ = {isa = PBXFileReference; fileEncoding = 4; lastKnownFileType = sourcecode.c.h; path = MGTwitterRequestTypes.h; sourceTree = "<group>"; };
		BE8EFD791134C21D002A8F24 /* MGTwitterSearchYAJLParser.h */ = {isa = PBXFileReference; fileEncoding = 4; lastKnownFileType = sourcecode.c.h; path = MGTwitterSearchYAJLParser.h; sourceTree = "<group>"; };
		BE8EFD7A1134C21D002A8F24 /* MGTwitterSearchYAJLParser.m */ = {isa = PBXFileReference; fileEncoding = 4; lastKnownFileType = sourcecode.c.objc; path = MGTwitterSearchYAJLParser.m; sourceTree = "<group>"; };
		BE8EFD7B1134C21D002A8F24 /* MGTwitterStatusesLibXMLParser.h */ = {isa = PBXFileReference; fileEncoding = 4; lastKnownFileType = sourcecode.c.h; path = MGTwitterStatusesLibXMLParser.h; sourceTree = "<group>"; };
		BE8EFD7C1134C21D002A8F24 /* MGTwitterStatusesLibXMLParser.m */ = {isa = PBXFileReference; fileEncoding = 4; lastKnownFileType = sourcecode.c.objc; path = MGTwitterStatusesLibXMLParser.m; sourceTree = "<group>"; };
		BE8EFD7D1134C21D002A8F24 /* MGTwitterStatusesParser.h */ = {isa = PBXFileReference; fileEncoding = 4; lastKnownFileType = sourcecode.c.h; path = MGTwitterStatusesParser.h; sourceTree = "<group>"; };
		BE8EFD7E1134C21D002A8F24 /* MGTwitterStatusesParser.m */ = {isa = PBXFileReference; fileEncoding = 4; lastKnownFileType = sourcecode.c.objc; path = MGTwitterStatusesParser.m; sourceTree = "<group>"; };
		BE8EFD7F1134C21D002A8F24 /* MGTwitterStatusesYAJLParser.h */ = {isa = PBXFileReference; fileEncoding = 4; lastKnownFileType = sourcecode.c.h; path = MGTwitterStatusesYAJLParser.h; sourceTree = "<group>"; };
		BE8EFD801134C21D002A8F24 /* MGTwitterStatusesYAJLParser.m */ = {isa = PBXFileReference; fileEncoding = 4; lastKnownFileType = sourcecode.c.objc; path = MGTwitterStatusesYAJLParser.m; sourceTree = "<group>"; };
		BE8EFD811134C21D002A8F24 /* MGTwitterUsersLibXMLParser.h */ = {isa = PBXFileReference; fileEncoding = 4; lastKnownFileType = sourcecode.c.h; path = MGTwitterUsersLibXMLParser.h; sourceTree = "<group>"; };
		BE8EFD821134C21D002A8F24 /* MGTwitterUsersLibXMLParser.m */ = {isa = PBXFileReference; fileEncoding = 4; lastKnownFileType = sourcecode.c.objc; path = MGTwitterUsersLibXMLParser.m; sourceTree = "<group>"; };
		BE8EFD831134C21D002A8F24 /* MGTwitterUsersParser.h */ = {isa = PBXFileReference; fileEncoding = 4; lastKnownFileType = sourcecode.c.h; path = MGTwitterUsersParser.h; sourceTree = "<group>"; };
		BE8EFD841134C21D002A8F24 /* MGTwitterUsersParser.m */ = {isa = PBXFileReference; fileEncoding = 4; lastKnownFileType = sourcecode.c.objc; path = MGTwitterUsersParser.m; sourceTree = "<group>"; };
		BE8EFD851134C21D002A8F24 /* MGTwitterUsersYAJLParser.h */ = {isa = PBXFileReference; fileEncoding = 4; lastKnownFileType = sourcecode.c.h; path = MGTwitterUsersYAJLParser.h; sourceTree = "<group>"; };
		BE8EFD861134C21D002A8F24 /* MGTwitterUsersYAJLParser.m */ = {isa = PBXFileReference; fileEncoding = 4; lastKnownFileType = sourcecode.c.objc; path = MGTwitterUsersYAJLParser.m; sourceTree = "<group>"; };
		BE8EFD871134C21D002A8F24 /* MGTwitterXMLParser.h */ = {isa = PBXFileReference; fileEncoding = 4; lastKnownFileType = sourcecode.c.h; path = MGTwitterXMLParser.h; sourceTree = "<group>"; };
		BE8EFD881134C21D002A8F24 /* MGTwitterXMLParser.m */ = {isa = PBXFileReference; fileEncoding = 4; lastKnownFileType = sourcecode.c.objc; path = MGTwitterXMLParser.m; sourceTree = "<group>"; };
		BE8EFD891134C21D002A8F24 /* MGTwitterYAJLParser.h */ = {isa = PBXFileReference; fileEncoding = 4; lastKnownFileType = sourcecode.c.h; path = MGTwitterYAJLParser.h; sourceTree = "<group>"; };
		BE8EFD8A1134C21D002A8F24 /* MGTwitterYAJLParser.m */ = {isa = PBXFileReference; fileEncoding = 4; lastKnownFileType = sourcecode.c.objc; path = MGTwitterYAJLParser.m; sourceTree = "<group>"; };
		BE8EFD8B1134C21D002A8F24 /* NSData+Base64.h */ = {isa = PBXFileReference; fileEncoding = 4; lastKnownFileType = sourcecode.c.h; path = "NSData+Base64.h"; sourceTree = "<group>"; };
		BE8EFD8C1134C21D002A8F24 /* NSData+Base64.m */ = {isa = PBXFileReference; fileEncoding = 4; lastKnownFileType = sourcecode.c.objc; path = "NSData+Base64.m"; sourceTree = "<group>"; };
		BE8EFD8D1134C21D002A8F24 /* NSString+UUID.h */ = {isa = PBXFileReference; fileEncoding = 4; lastKnownFileType = sourcecode.c.h; path = "NSString+UUID.h"; sourceTree = "<group>"; };
		BE8EFD8E1134C21D002A8F24 /* NSString+UUID.m */ = {isa = PBXFileReference; fileEncoding = 4; lastKnownFileType = sourcecode.c.objc; path = "NSString+UUID.m"; sourceTree = "<group>"; };
		BE8EFE341134D5C5002A8F24 /* libYAJLIPhone.a */ = {isa = PBXFileReference; lastKnownFileType = archive.ar; name = libYAJLIPhone.a; path = "/Users/will/Downloads/libYAJLIPhone-0.2.2/libYAJLIPhone.a"; sourceTree = "<absolute>"; };
		BE9DC7F4113762430081178C /* InAppSettingsPSChildPaneSpecifierCell.h */ = {isa = PBXFileReference; fileEncoding = 4; lastKnownFileType = sourcecode.c.h; path = InAppSettingsPSChildPaneSpecifierCell.h; sourceTree = "<group>"; };
		BE9DC7F5113762430081178C /* InAppSettingsPSChildPaneSpecifierCell.m */ = {isa = PBXFileReference; fileEncoding = 4; lastKnownFileType = sourcecode.c.objc; path = InAppSettingsPSChildPaneSpecifierCell.m; sourceTree = "<group>"; };
		BE9DC7F6113762430081178C /* InAppSettingsPSMultiValueSpecifierCell.h */ = {isa = PBXFileReference; fileEncoding = 4; lastKnownFileType = sourcecode.c.h; path = InAppSettingsPSMultiValueSpecifierCell.h; sourceTree = "<group>"; };
		BE9DC7F7113762430081178C /* InAppSettingsPSMultiValueSpecifierCell.m */ = {isa = PBXFileReference; fileEncoding = 4; lastKnownFileType = sourcecode.c.objc; path = InAppSettingsPSMultiValueSpecifierCell.m; sourceTree = "<group>"; };
		BE9DC7F8113762430081178C /* InAppSettingsPSSliderSpecifierCell.h */ = {isa = PBXFileReference; fileEncoding = 4; lastKnownFileType = sourcecode.c.h; path = InAppSettingsPSSliderSpecifierCell.h; sourceTree = "<group>"; };
		BE9DC7F9113762430081178C /* InAppSettingsPSSliderSpecifierCell.m */ = {isa = PBXFileReference; fileEncoding = 4; lastKnownFileType = sourcecode.c.objc; path = InAppSettingsPSSliderSpecifierCell.m; sourceTree = "<group>"; };
		BE9DC7FA113762430081178C /* InAppSettingsPSTextFieldSpecifierCell.h */ = {isa = PBXFileReference; fileEncoding = 4; lastKnownFileType = sourcecode.c.h; path = InAppSettingsPSTextFieldSpecifierCell.h; sourceTree = "<group>"; };
		BE9DC7FB113762430081178C /* InAppSettingsPSTextFieldSpecifierCell.m */ = {isa = PBXFileReference; fileEncoding = 4; lastKnownFileType = sourcecode.c.objc; path = InAppSettingsPSTextFieldSpecifierCell.m; sourceTree = "<group>"; };
		BE9DC7FC113762430081178C /* InAppSettingsPSTitleValueSpecifierCell.h */ = {isa = PBXFileReference; fileEncoding = 4; lastKnownFileType = sourcecode.c.h; path = InAppSettingsPSTitleValueSpecifierCell.h; sourceTree = "<group>"; };
		BE9DC7FD113762430081178C /* InAppSettingsPSTitleValueSpecifierCell.m */ = {isa = PBXFileReference; fileEncoding = 4; lastKnownFileType = sourcecode.c.objc; path = InAppSettingsPSTitleValueSpecifierCell.m; sourceTree = "<group>"; };
		BE9DC7FE113762430081178C /* InAppSettingsPSToggleSwitchSpecifierCell.h */ = {isa = PBXFileReference; fileEncoding = 4; lastKnownFileType = sourcecode.c.h; path = InAppSettingsPSToggleSwitchSpecifierCell.h; sourceTree = "<group>"; };
		BE9DC7FF113762430081178C /* InAppSettingsPSToggleSwitchSpecifierCell.m */ = {isa = PBXFileReference; fileEncoding = 4; lastKnownFileType = sourcecode.c.objc; path = InAppSettingsPSToggleSwitchSpecifierCell.m; sourceTree = "<group>"; };
		BE9DC800113762430081178C /* InAppSettingsTableCell.h */ = {isa = PBXFileReference; fileEncoding = 4; lastKnownFileType = sourcecode.c.h; path = InAppSettingsTableCell.h; sourceTree = "<group>"; };
		BE9DC801113762430081178C /* InAppSettingsTableCell.m */ = {isa = PBXFileReference; fileEncoding = 4; lastKnownFileType = sourcecode.c.objc; path = InAppSettingsTableCell.m; sourceTree = "<group>"; };
		BE9DC802113762430081178C /* InAppSettings.h */ = {isa = PBXFileReference; fileEncoding = 4; lastKnownFileType = sourcecode.c.h; path = InAppSettings.h; sourceTree = "<group>"; };
		BE9DC803113762430081178C /* InAppSettings.m */ = {isa = PBXFileReference; fileEncoding = 4; lastKnownFileType = sourcecode.c.objc; path = InAppSettings.m; sourceTree = "<group>"; };
		BE9DC804113762430081178C /* InAppSettingsConstants.h */ = {isa = PBXFileReference; fileEncoding = 4; lastKnownFileType = sourcecode.c.h; path = InAppSettingsConstants.h; sourceTree = "<group>"; };
		BE9DC805113762430081178C /* InAppSettingsPSMultiValueSpecifierTable.h */ = {isa = PBXFileReference; fileEncoding = 4; lastKnownFileType = sourcecode.c.h; path = InAppSettingsPSMultiValueSpecifierTable.h; sourceTree = "<group>"; };
		BE9DC806113762430081178C /* InAppSettingsPSMultiValueSpecifierTable.m */ = {isa = PBXFileReference; fileEncoding = 4; lastKnownFileType = sourcecode.c.objc; path = InAppSettingsPSMultiValueSpecifierTable.m; sourceTree = "<group>"; };
		BE9DC807113762430081178C /* InAppSettingsReader.h */ = {isa = PBXFileReference; fileEncoding = 4; lastKnownFileType = sourcecode.c.h; path = InAppSettingsReader.h; sourceTree = "<group>"; };
		BE9DC808113762430081178C /* InAppSettingsReader.m */ = {isa = PBXFileReference; fileEncoding = 4; lastKnownFileType = sourcecode.c.objc; path = InAppSettingsReader.m; sourceTree = "<group>"; };
		BE9DC809113762430081178C /* InAppSettingsSpecifier.h */ = {isa = PBXFileReference; fileEncoding = 4; lastKnownFileType = sourcecode.c.h; path = InAppSettingsSpecifier.h; sourceTree = "<group>"; };
		BE9DC80A113762430081178C /* InAppSettingsSpecifier.m */ = {isa = PBXFileReference; fileEncoding = 4; lastKnownFileType = sourcecode.c.objc; path = InAppSettingsSpecifier.m; sourceTree = "<group>"; };
		BE9DC80B113762430081178C /* LICENSE */ = {isa = PBXFileReference; fileEncoding = 4; lastKnownFileType = text; path = LICENSE; sourceTree = "<group>"; };
		BE9DC80C113762430081178C /* README */ = {isa = PBXFileReference; fileEncoding = 4; lastKnownFileType = text; path = README; sourceTree = "<group>"; };
		BE9DC880113766BA0081178C /* Settings.bundle */ = {isa = PBXFileReference; lastKnownFileType = "wrapper.plug-in"; path = Settings.bundle; sourceTree = "<group>"; };
		BECECE861136624000CB06B1 /* Default.png */ = {isa = PBXFileReference; lastKnownFileType = image.png; path = Default.png; sourceTree = "<group>"; };
		BECECE90113664CA00CB06B1 /* icon.png */ = {isa = PBXFileReference; lastKnownFileType = image.png; path = icon.png; sourceTree = "<group>"; };
/* End PBXFileReference section */

/* Begin PBXFrameworksBuildPhase section */
		1D60588F0D05DD3D006BFB54 /* Frameworks */ = {
			isa = PBXFrameworksBuildPhase;
			buildActionMask = 2147483647;
			files = (
				1D60589F0D05DD5A006BFB54 /* Foundation.framework in Frameworks */,
				1DF5F4E00D08C38300B7A737 /* UIKit.framework in Frameworks */,
				2892E4100DC94CBA00A64D0F /* CoreGraphics.framework in Frameworks */,
				BE8EFC0111339984002A8F24 /* libsqlite3.dylib in Frameworks */,
				BE8EFD071134BFF6002A8F24 /* libxml2.dylib in Frameworks */,
				BE8EFE351134D5C5002A8F24 /* libYAJLIPhone.a in Frameworks */,
				BE20CDDA11379B16007BF519 /* AudioToolbox.framework in Frameworks */,
				BE10A1D8114F291C00ACA4C6 /* libstdc++.dylib in Frameworks */,
				BE10A36711507AE600ACA4C6 /* QuartzCore.framework in Frameworks */,
				BE10A4D511509EBF00ACA4C6 /* libThree20.a in Frameworks */,
				BE7BB72E1159BA4E00508431 /* sim-libBabTTS.a in Frameworks */,
				BE7BB72F1159BA4E00508431 /* sim-libMobilityStatic.a in Frameworks */,
			);
			runOnlyForDeploymentPostprocessing = 0;
		};
/* End PBXFrameworksBuildPhase section */

/* Begin PBXGroup section */
		080E96DDFE201D6D7F000001 /* Classes */ = {
			isa = PBXGroup;
			children = (
				BE8EFC1C11339C59002A8F24 /* vendor */,
				BE8EFBFC11339928002A8F24 /* application */,
			);
			path = Classes;
			sourceTree = "<group>";
		};
		19C28FACFE9D520D11CA2CBB /* Products */ = {
			isa = PBXGroup;
			children = (
				1D6058910D05DD3D006BFB54 /* trm.app */,
			);
			name = Products;
			sourceTree = "<group>";
		};
		29B97314FDCFA39411CA2CEA /* CustomTemplate */ = {
			isa = PBXGroup;
			children = (
				BE7BB7231159B9EB00508431 /* Acapela For iPhone HQM USEnglish Heather */,
				BE10A39A11507D4900ACA4C6 /* Three20.xcodeproj */,
				BE10A33B11507AC900ACA4C6 /* Three20.bundle */,
				080E96DDFE201D6D7F000001 /* Classes */,
				29B97315FDCFA39411CA2CEA /* Other Sources */,
				29B97317FDCFA39411CA2CEA /* Resources */,
				29B97323FDCFA39411CA2CEA /* Frameworks */,
				19C28FACFE9D520D11CA2CBB /* Products */,
				BE7BB5711159B5DA00508431 /* trmRelease-Info.plist */,
			);
			name = CustomTemplate;
			sourceTree = "<group>";
		};
		29B97315FDCFA39411CA2CEA /* Other Sources */ = {
			isa = PBXGroup;
			children = (
				28A0AAE50D9B0CCF005BE974 /* trm_Prefix.pch */,
				29B97316FDCFA39411CA2CEA /* main.m */,
			);
			name = "Other Sources";
			sourceTree = "<group>";
		};
		29B97317FDCFA39411CA2CEA /* Resources */ = {
			isa = PBXGroup;
			children = (
				BE9DC880113766BA0081178C /* Settings.bundle */,
				BECECE90113664CA00CB06B1 /* icon.png */,
				BECECE861136624000CB06B1 /* Default.png */,
				8D1107310486CEB800E47090 /* trm-Info.plist */,
			);
			name = Resources;
			sourceTree = "<group>";
		};
		29B97323FDCFA39411CA2CEA /* Frameworks */ = {
			isa = PBXGroup;
			children = (
				BE7BB72C1159BA4E00508431 /* sim-libBabTTS.a */,
				BE7BB72D1159BA4E00508431 /* sim-libMobilityStatic.a */,
				BE8EFC0011339984002A8F24 /* libsqlite3.dylib */,
				BE8EFD061134BFF6002A8F24 /* libxml2.dylib */,
				1DF5F4DF0D08C38300B7A737 /* UIKit.framework */,
				1D30AB110D05D00D00671497 /* Foundation.framework */,
				2892E40F0DC94CBA00A64D0F /* CoreGraphics.framework */,
				BE8EFE341134D5C5002A8F24 /* libYAJLIPhone.a */,
				BE20CDD911379B16007BF519 /* AudioToolbox.framework */,
				BE10A1D7114F291C00ACA4C6 /* libstdc++.dylib */,
				BE10A36611507AE600ACA4C6 /* QuartzCore.framework */,
			);
			name = Frameworks;
			sourceTree = "<group>";
		};
		BE10A39B11507D4900ACA4C6 /* Products */ = {
			isa = PBXGroup;
			children = (
				BE10A3A011507D4900ACA4C6 /* libThree20.a */,
				BE10A3A211507D4900ACA4C6 /* UnitTests.octest */,
			);
			name = Products;
			sourceTree = "<group>";
		};
		BE8EFBFC11339928002A8F24 /* application */ = {
			isa = PBXGroup;
			children = (
				BE8EFC04113399AB002A8F24 /* models */,
				BE10A5491150A75000ACA4C6 /* TRDefaultStylesheet.h */,
				BE10A54A1150A75000ACA4C6 /* TRDefaultStylesheet.m */,
				28C286DF0D94DF7D0034E888 /* TRTweetTableViewController.h */,
				28C286E00D94DF7D0034E888 /* TRTweetTableViewController.m */,
				1D3623240D0F684500981E51 /* TRAppDelegate.h */,
				1D3623250D0F684500981E51 /* TRAppDelegate.m */,
				BE10A50A1150A13B00ACA4C6 /* TRTweetTableItem.h */,
				BE10A50B1150A13B00ACA4C6 /* TRTweetTableItem.m */,
				BE10A5441150A58E00ACA4C6 /* TRTweetTableItemCell.h */,
				BE10A5451150A58E00ACA4C6 /* TRTweetTableItemCell.m */,
				BE10A4E511509FCE00ACA4C6 /* TRTweetTableDataSource.h */,
				BE10A4E611509FCE00ACA4C6 /* TRTweetTableDataSource.m */,
				BE10AD1A11587B6400ACA4C6 /* TRTweetTableDelegate.h */,
				BE10AD1B11587B6400ACA4C6 /* TRTweetTableDelegate.m */,
			);
			name = application;
			sourceTree = "<group>";
		};
		BE8EFC04113399AB002A8F24 /* models */ = {
			isa = PBXGroup;
			children = (
				BE8EFC5E11339D67002A8F24 /* Twitter.h */,
				BE8EFC5F11339D67002A8F24 /* Twitter.m */,
				BE10A87F11534B6B00ACA4C6 /* TRTweet.h */,
				BE10A88011534B6B00ACA4C6 /* TRTweet.m */,
			);
			name = models;
			sourceTree = "<group>";
		};
		BE8EFC1C11339C59002A8F24 /* vendor */ = {
			isa = PBXGroup;
			children = (
				BE9DCACF113791ED0081178C /* Acapela */,
				BE9DC7F1113762430081178C /* InAppSettings Framework 1.0 */,
				BE8EFCC31134BF46002A8F24 /* MGTwitterEngine */,
			);
			name = vendor;
			sourceTree = "<group>";
		};
		BE8EFCC31134BF46002A8F24 /* MGTwitterEngine */ = {
			isa = PBXGroup;
			children = (
				BE8EFD621134C21D002A8F24 /* MGTwitterEngine_Prefix.pch */,
				BE8EFD631134C21D002A8F24 /* MGTwitterEngine.h */,
				BE8EFD641134C21D002A8F24 /* MGTwitterEngine.m */,
				BE8EFD651134C21D002A8F24 /* MGTwitterEngineDelegate.h */,
				BE8EFD661134C21D002A8F24 /* MGTwitterEngineGlobalHeader.h */,
				BE8EFD671134C21D002A8F24 /* MGTwitterHTTPURLConnection.h */,
				BE8EFD681134C21D002A8F24 /* MGTwitterHTTPURLConnection.m */,
				BE8EFD691134C21D002A8F24 /* MGTwitterLibXMLParser.h */,
				BE8EFD6A1134C21D002A8F24 /* MGTwitterLibXMLParser.m */,
				BE8EFD6B1134C21D002A8F24 /* MGTwitterMessagesLibXMLParser.h */,
				BE8EFD6C1134C21D002A8F24 /* MGTwitterMessagesLibXMLParser.m */,
				BE8EFD6D1134C21D002A8F24 /* MGTwitterMessagesParser.h */,
				BE8EFD6E1134C21D002A8F24 /* MGTwitterMessagesParser.m */,
				BE8EFD6F1134C21D002A8F24 /* MGTwitterMessagesYAJLParser.h */,
				BE8EFD701134C21D002A8F24 /* MGTwitterMessagesYAJLParser.m */,
				BE8EFD711134C21D002A8F24 /* MGTwitterMiscLibXMLParser.h */,
				BE8EFD721134C21D002A8F24 /* MGTwitterMiscLibXMLParser.m */,
				BE8EFD731134C21D002A8F24 /* MGTwitterMiscParser.h */,
				BE8EFD741134C21D002A8F24 /* MGTwitterMiscParser.m */,
				BE8EFD751134C21D002A8F24 /* MGTwitterMiscYAJLParser.h */,
				BE8EFD761134C21D002A8F24 /* MGTwitterMiscYAJLParser.m */,
				BE8EFD771134C21D002A8F24 /* MGTwitterParserDelegate.h */,
				BE8EFD781134C21D002A8F24 /* MGTwitterRequestTypes.h */,
				BE8EFD791134C21D002A8F24 /* MGTwitterSearchYAJLParser.h */,
				BE8EFD7A1134C21D002A8F24 /* MGTwitterSearchYAJLParser.m */,
				BE8EFD7B1134C21D002A8F24 /* MGTwitterStatusesLibXMLParser.h */,
				BE8EFD7C1134C21D002A8F24 /* MGTwitterStatusesLibXMLParser.m */,
				BE8EFD7D1134C21D002A8F24 /* MGTwitterStatusesParser.h */,
				BE8EFD7E1134C21D002A8F24 /* MGTwitterStatusesParser.m */,
				BE8EFD7F1134C21D002A8F24 /* MGTwitterStatusesYAJLParser.h */,
				BE8EFD801134C21D002A8F24 /* MGTwitterStatusesYAJLParser.m */,
				BE8EFD811134C21D002A8F24 /* MGTwitterUsersLibXMLParser.h */,
				BE8EFD821134C21D002A8F24 /* MGTwitterUsersLibXMLParser.m */,
				BE8EFD831134C21D002A8F24 /* MGTwitterUsersParser.h */,
				BE8EFD841134C21D002A8F24 /* MGTwitterUsersParser.m */,
				BE8EFD851134C21D002A8F24 /* MGTwitterUsersYAJLParser.h */,
				BE8EFD861134C21D002A8F24 /* MGTwitterUsersYAJLParser.m */,
				BE8EFD871134C21D002A8F24 /* MGTwitterXMLParser.h */,
				BE8EFD881134C21D002A8F24 /* MGTwitterXMLParser.m */,
				BE8EFD891134C21D002A8F24 /* MGTwitterYAJLParser.h */,
				BE8EFD8A1134C21D002A8F24 /* MGTwitterYAJLParser.m */,
				BE8EFD8B1134C21D002A8F24 /* NSData+Base64.h */,
				BE8EFD8C1134C21D002A8F24 /* NSData+Base64.m */,
				BE8EFD8D1134C21D002A8F24 /* NSString+UUID.h */,
				BE8EFD8E1134C21D002A8F24 /* NSString+UUID.m */,
			);
			name = MGTwitterEngine;
			sourceTree = "<group>";
		};
		BE9DC7F1113762430081178C /* InAppSettings Framework 1.0 */ = {
			isa = PBXGroup;
			children = (
				BE9DC7F2113762430081178C /* InAppSettings */,
				BE9DC80B113762430081178C /* LICENSE */,
				BE9DC80C113762430081178C /* README */,
			);
			name = "InAppSettings Framework 1.0";
			path = "../../Downloads/InAppSettings Framework 1.0";
			sourceTree = SOURCE_ROOT;
		};
		BE9DC7F2113762430081178C /* InAppSettings */ = {
			isa = PBXGroup;
			children = (
				BE9DC7F3113762430081178C /* Cells */,
				BE9DC802113762430081178C /* InAppSettings.h */,
				BE9DC803113762430081178C /* InAppSettings.m */,
				BE9DC804113762430081178C /* InAppSettingsConstants.h */,
				BE9DC805113762430081178C /* InAppSettingsPSMultiValueSpecifierTable.h */,
				BE9DC806113762430081178C /* InAppSettingsPSMultiValueSpecifierTable.m */,
				BE9DC807113762430081178C /* InAppSettingsReader.h */,
				BE9DC808113762430081178C /* InAppSettingsReader.m */,
				BE9DC809113762430081178C /* InAppSettingsSpecifier.h */,
				BE9DC80A113762430081178C /* InAppSettingsSpecifier.m */,
			);
			path = InAppSettings;
			sourceTree = "<group>";
		};
		BE9DC7F3113762430081178C /* Cells */ = {
			isa = PBXGroup;
			children = (
				BE9DC7F4113762430081178C /* InAppSettingsPSChildPaneSpecifierCell.h */,
				BE9DC7F5113762430081178C /* InAppSettingsPSChildPaneSpecifierCell.m */,
				BE9DC7F6113762430081178C /* InAppSettingsPSMultiValueSpecifierCell.h */,
				BE9DC7F7113762430081178C /* InAppSettingsPSMultiValueSpecifierCell.m */,
				BE9DC7F8113762430081178C /* InAppSettingsPSSliderSpecifierCell.h */,
				BE9DC7F9113762430081178C /* InAppSettingsPSSliderSpecifierCell.m */,
				BE9DC7FA113762430081178C /* InAppSettingsPSTextFieldSpecifierCell.h */,
				BE9DC7FB113762430081178C /* InAppSettingsPSTextFieldSpecifierCell.m */,
				BE9DC7FC113762430081178C /* InAppSettingsPSTitleValueSpecifierCell.h */,
				BE9DC7FD113762430081178C /* InAppSettingsPSTitleValueSpecifierCell.m */,
				BE9DC7FE113762430081178C /* InAppSettingsPSToggleSwitchSpecifierCell.h */,
				BE9DC7FF113762430081178C /* InAppSettingsPSToggleSwitchSpecifierCell.m */,
				BE9DC800113762430081178C /* InAppSettingsTableCell.h */,
				BE9DC801113762430081178C /* InAppSettingsTableCell.m */,
			);
			path = Cells;
			sourceTree = "<group>";
		};
		BE9DCACF113791ED0081178C /* Acapela */ = {
			isa = PBXGroup;
			children = (
				BE10A1C8114F28C400ACA4C6 /* babdevlopper.lic.h */,
				BE10A1C9114F28C400ACA4C6 /* babdevlopper.lic.password */,
				BE20CD7D113794D4007BF519 /* AcapelaSpeech.h */,
				BE20CF621137AC4C007BF519 /* AcapelaLicense.h */,
			);
			name = Acapela;
			sourceTree = "<group>";
		};
/* End PBXGroup section */

/* Begin PBXNativeTarget section */
		1D6058900D05DD3D006BFB54 /* trm */ = {
			isa = PBXNativeTarget;
			buildConfigurationList = 1D6058960D05DD3E006BFB54 /* Build configuration list for PBXNativeTarget "trm" */;
			buildPhases = (
				1D60588D0D05DD3D006BFB54 /* Resources */,
				1D60588E0D05DD3D006BFB54 /* Sources */,
				1D60588F0D05DD3D006BFB54 /* Frameworks */,
				BE20CDA911379671007BF519 /* CopyFiles */,
			);
			buildRules = (
			);
			dependencies = (
				BE10A3A811507E0300ACA4C6 /* PBXTargetDependency */,
			);
			name = trm;
			productName = trm;
			productReference = 1D6058910D05DD3D006BFB54 /* trm.app */;
			productType = "com.apple.product-type.application";
		};
/* End PBXNativeTarget section */

/* Begin PBXProject section */
		29B97313FDCFA39411CA2CEA /* Project object */ = {
			isa = PBXProject;
			attributes = {
				ORGANIZATIONNAME = tweetrad.io;
			};
			buildConfigurationList = C01FCF4E08A954540054247B /* Build configuration list for PBXProject "trm" */;
			compatibilityVersion = "Xcode 3.1";
			hasScannedForEncodings = 1;
			knownRegions = (
				English,
				Japanese,
				French,
				German,
				en,
			);
			mainGroup = 29B97314FDCFA39411CA2CEA /* CustomTemplate */;
			projectDirPath = "";
			projectReferences = (
				{
					ProductGroup = BE10A39B11507D4900ACA4C6 /* Products */;
					ProjectRef = BE10A39A11507D4900ACA4C6 /* Three20.xcodeproj */;
				},
			);
			projectRoot = "";
			targets = (
				1D6058900D05DD3D006BFB54 /* trm */,
			);
		};
/* End PBXProject section */

/* Begin PBXReferenceProxy section */
		BE10A3A011507D4900ACA4C6 /* libThree20.a */ = {
			isa = PBXReferenceProxy;
			fileType = archive.ar;
			path = libThree20.a;
			remoteRef = BE10A39F11507D4900ACA4C6 /* PBXContainerItemProxy */;
			sourceTree = BUILT_PRODUCTS_DIR;
		};
		BE10A3A211507D4900ACA4C6 /* UnitTests.octest */ = {
			isa = PBXReferenceProxy;
			fileType = wrapper.cfbundle;
			path = UnitTests.octest;
			remoteRef = BE10A3A111507D4900ACA4C6 /* PBXContainerItemProxy */;
			sourceTree = BUILT_PRODUCTS_DIR;
		};
/* End PBXReferenceProxy section */

/* Begin PBXResourcesBuildPhase section */
		1D60588D0D05DD3D006BFB54 /* Resources */ = {
			isa = PBXResourcesBuildPhase;
			buildActionMask = 2147483647;
			files = (
				BECECE871136624000CB06B1 /* Default.png in Resources */,
				BECECE91113664CA00CB06B1 /* icon.png in Resources */,
				BE9DC818113762430081178C /* LICENSE in Resources */,
				BE9DC819113762430081178C /* README in Resources */,
				BE9DC881113766BA0081178C /* Settings.bundle in Resources */,
				BE10A1CA114F28C400ACA4C6 /* babdevlopper.lic.password in Resources */,
				BE10A33C11507AC900ACA4C6 /* Three20.bundle in Resources */,
				BE10A5461150A58E00ACA4C6 /* TRTweetTableItemCell.m in Resources */,
				BE7BB7291159B9EB00508431 /* Acapela For iPhone HQM USEnglish Heather in Resources */,
			);
			runOnlyForDeploymentPostprocessing = 0;
		};
/* End PBXResourcesBuildPhase section */

/* Begin PBXSourcesBuildPhase section */
		1D60588E0D05DD3D006BFB54 /* Sources */ = {
			isa = PBXSourcesBuildPhase;
			buildActionMask = 2147483647;
			files = (
				BE8EFC6011339D67002A8F24 /* Twitter.m in Sources */,
				BE10A88111534B6B00ACA4C6 /* TRTweet.m in Sources */,
				BE10A54B1150A75000ACA4C6 /* TRDefaultStylesheet.m in Sources */,
				28C286E10D94DF7D0034E888 /* TRTweetTableViewController.m in Sources */,
				1D3623260D0F684500981E51 /* TRAppDelegate.m in Sources */,
				BE10A50C1150A13B00ACA4C6 /* TRTweetTableItem.m in Sources */,
				BE10AA6A11584C4C00ACA4C6 /* TRTweetTableItemCell.m in Sources */,
				BE10A4E711509FCE00ACA4C6 /* TRTweetTableDataSource.m in Sources */,
				BE10AD1C11587B6400ACA4C6 /* TRTweetTableDelegate.m in Sources */,
				1D60589B0D05DD56006BFB54 /* main.m in Sources */,
				BE8EFD8F1134C21D002A8F24 /* MGTwitterEngine.m in Sources */,
				BE8EFD901134C21D002A8F24 /* MGTwitterHTTPURLConnection.m in Sources */,
				BE8EFD911134C21D002A8F24 /* MGTwitterLibXMLParser.m in Sources */,
				BE8EFD921134C21D002A8F24 /* MGTwitterMessagesLibXMLParser.m in Sources */,
				BE8EFD931134C21D002A8F24 /* MGTwitterMessagesParser.m in Sources */,
				BE8EFD941134C21D002A8F24 /* MGTwitterMessagesYAJLParser.m in Sources */,
				BE8EFD951134C21D002A8F24 /* MGTwitterMiscLibXMLParser.m in Sources */,
				BE8EFD961134C21D002A8F24 /* MGTwitterMiscParser.m in Sources */,
				BE8EFD971134C21D002A8F24 /* MGTwitterMiscYAJLParser.m in Sources */,
				BE8EFD981134C21D002A8F24 /* MGTwitterSearchYAJLParser.m in Sources */,
				BE8EFD991134C21D002A8F24 /* MGTwitterStatusesLibXMLParser.m in Sources */,
				BE8EFD9A1134C21D002A8F24 /* MGTwitterStatusesParser.m in Sources */,
				BE8EFD9B1134C21D002A8F24 /* MGTwitterStatusesYAJLParser.m in Sources */,
				BE8EFD9C1134C21D002A8F24 /* MGTwitterUsersLibXMLParser.m in Sources */,
				BE8EFD9D1134C21D002A8F24 /* MGTwitterUsersParser.m in Sources */,
				BE8EFD9E1134C21D002A8F24 /* MGTwitterUsersYAJLParser.m in Sources */,
				BE8EFD9F1134C21D002A8F24 /* MGTwitterXMLParser.m in Sources */,
				BE8EFDA01134C21D002A8F24 /* MGTwitterYAJLParser.m in Sources */,
				BE8EFDA11134C21D002A8F24 /* NSData+Base64.m in Sources */,
				BE8EFDA21134C21D002A8F24 /* NSString+UUID.m in Sources */,
				BE9DC80D113762430081178C /* InAppSettingsPSChildPaneSpecifierCell.m in Sources */,
				BE9DC80E113762430081178C /* InAppSettingsPSMultiValueSpecifierCell.m in Sources */,
				BE9DC80F113762430081178C /* InAppSettingsPSSliderSpecifierCell.m in Sources */,
				BE9DC810113762430081178C /* InAppSettingsPSTextFieldSpecifierCell.m in Sources */,
				BE9DC811113762430081178C /* InAppSettingsPSTitleValueSpecifierCell.m in Sources */,
				BE9DC812113762430081178C /* InAppSettingsPSToggleSwitchSpecifierCell.m in Sources */,
				BE9DC813113762430081178C /* InAppSettingsTableCell.m in Sources */,
				BE9DC814113762430081178C /* InAppSettings.m in Sources */,
				BE9DC815113762430081178C /* InAppSettingsPSMultiValueSpecifierTable.m in Sources */,
				BE9DC816113762430081178C /* InAppSettingsReader.m in Sources */,
				BE9DC817113762430081178C /* InAppSettingsSpecifier.m in Sources */,
			);
			runOnlyForDeploymentPostprocessing = 0;
		};
/* End PBXSourcesBuildPhase section */

/* Begin PBXTargetDependency section */
		BE10A3A811507E0300ACA4C6 /* PBXTargetDependency */ = {
			isa = PBXTargetDependency;
			name = Three20;
			targetProxy = BE10A3A711507E0300ACA4C6 /* PBXContainerItemProxy */;
		};
/* End PBXTargetDependency section */

/* Begin XCBuildConfiguration section */
		1D6058940D05DD3E006BFB54 /* Debug */ = {
			isa = XCBuildConfiguration;
			buildSettings = {
				ALWAYS_SEARCH_USER_PATHS = NO;
				COPY_PHASE_STRIP = NO;
				GCC_DYNAMIC_NO_PIC = NO;
				GCC_OPTIMIZATION_LEVEL = 0;
				GCC_PRECOMPILE_PREFIX_HEADER = YES;
				GCC_PREFIX_HEADER = trm_Prefix.pch;
				INFOPLIST_FILE = "trm-Info.plist";
				LIBRARY_SEARCH_PATHS = (
					"$(inherited)",
					"\"$(SRCROOT)\"",
					"\"$(SRCROOT)/../yajl/build/yajl-1.0.8/lib\"",
					"\"$(SRCROOT)/../../Downloads/libYAJLIPhone-0.2.2\"",
					"\"$(SRCROOT)/../../Sdk-HQ-TTS-iPhone/iPhone_Demo_1.0.5/iPhone_Demo_1.0.5/Libraries/iPhoneSimulator\"",
					"\"$(SYSTEM_APPS_DIR)/Acapela for iPhone/lib/iphonesimulator\"",
					"\"$(SDKROOT)/usr/lib/gcc/arm-apple-darwin9/4.0.1\"",
					"\"$(SRCROOT)/../acapela\"",
					"\"$(SRCROOT)/../acapela/iPhone_Demo_1.0.6/iPhone_Customer_1.0.6/Libraries/iPhoneSimulator\"",
					"\"$(SRCROOT)/../acapela/iPhone_Demo_1.0.6/iPhone_Customer_1.0.6/Libraries/iPhoneOS\"",
					"\"$(SRCROOT)/../acapela/iPhoneOS\"",
				);
				PRODUCT_NAME = trm;
			};
			name = Debug;
		};
		1D6058950D05DD3E006BFB54 /* Release */ = {
			isa = XCBuildConfiguration;
			buildSettings = {
				ALWAYS_SEARCH_USER_PATHS = NO;
				COPY_PHASE_STRIP = YES;
				GCC_PRECOMPILE_PREFIX_HEADER = YES;
				GCC_PREFIX_HEADER = trm_Prefix.pch;
				INFOPLIST_FILE = "trm-Info.plist";
				LIBRARY_SEARCH_PATHS = (
					"$(inherited)",
					"\"$(SRCROOT)\"",
					"\"$(SRCROOT)/../yajl/build/yajl-1.0.8/lib\"",
					"\"$(SRCROOT)/../../Downloads/libYAJLIPhone-0.2.2\"",
					"\"$(SRCROOT)/../../Sdk-HQ-TTS-iPhone/iPhone_Demo_1.0.5/iPhone_Demo_1.0.5/Libraries/iPhoneSimulator\"",
					"\"$(SYSTEM_APPS_DIR)/Acapela for iPhone/lib/iphonesimulator\"",
					"\"$(SDKROOT)/usr/lib/gcc/arm-apple-darwin9/4.0.1\"",
					"\"$(SRCROOT)/../acapela\"",
					"\"$(SRCROOT)/../acapela/iPhone_Demo_1.0.6/iPhone_Customer_1.0.6/Libraries/iPhoneSimulator\"",
					"\"$(SRCROOT)/../acapela/iPhone_Demo_1.0.6/iPhone_Customer_1.0.6/Libraries/iPhoneOS\"",
					"\"$(SRCROOT)/../acapela/iPhoneOS\"",
				);
				PRODUCT_NAME = trm;
			};
			name = Release;
		};
		C01FCF4F08A954540054247B /* Debug */ = {
			isa = XCBuildConfiguration;
			buildSettings = {
				ARCHS = "$(ARCHS_STANDARD_32_BIT)";
				"CODE_SIGN_IDENTITY[sdk=iphoneos*]" = "iPhone Developer";
				GCC_C_LANGUAGE_STANDARD = c99;
				GCC_WARN_ABOUT_RETURN_TYPE = YES;
				GCC_WARN_UNUSED_VARIABLE = YES;
				HEADER_SEARCH_PATHS = (
					/Users/will/workspace/three20/src/,
					"/usr/local/yajl-1.0.8/include/",
					"${SDKROOT}/usr/include/libxml2",
				);
				OTHER_LDFLAGS = "-ObjC";
				PREBINDING = NO;
				PRODUCT_NAME = tweetradio;
				SDKROOT = iphoneos3.1.2;
			};
			name = Debug;
		};
		C01FCF5008A954540054247B /* Release */ = {
			isa = XCBuildConfiguration;
			buildSettings = {
				ARCHS = "$(ARCHS_STANDARD_32_BIT)";
				"CODE_SIGN_IDENTITY[sdk=iphoneos*]" = "iPhone Developer";
				GCC_C_LANGUAGE_STANDARD = c99;
				GCC_WARN_ABOUT_RETURN_TYPE = YES;
				GCC_WARN_UNUSED_VARIABLE = YES;
				PREBINDING = NO;
				SDKROOT = iphoneos3.1.2;
			};
			name = Release;
		};
/* End XCBuildConfiguration section */

/* Begin XCConfigurationList section */
		1D6058960D05DD3E006BFB54 /* Build configuration list for PBXNativeTarget "trm" */ = {
			isa = XCConfigurationList;
			buildConfigurations = (
				1D6058940D05DD3E006BFB54 /* Debug */,
				1D6058950D05DD3E006BFB54 /* Release */,
			);
			defaultConfigurationIsVisible = 0;
			defaultConfigurationName = Release;
		};
		C01FCF4E08A954540054247B /* Build configuration list for PBXProject "trm" */ = {
			isa = XCConfigurationList;
			buildConfigurations = (
				C01FCF4F08A954540054247B /* Debug */,
				C01FCF5008A954540054247B /* Release */,
			);
			defaultConfigurationIsVisible = 0;
			defaultConfigurationName = Release;
		};
/* End XCConfigurationList section */
	};
	rootObject = 29B97313FDCFA39411CA2CEA /* Project object */;
}
